// !$*UTF8*$!
{
	archiveVersion = 1;
	classes = {
	};
	objectVersion = 46;
	objects = {

/* Begin PBXBuildFile section */
		9B44AD9919DFF538001CFDAE /* main.m in Sources */ = {isa = PBXBuildFile; fileRef = 9B44AD9819DFF538001CFDAE /* main.m */; };
		9B44AD9C19DFF538001CFDAE /* AppDelegate.m in Sources */ = {isa = PBXBuildFile; fileRef = 9B44AD9B19DFF538001CFDAE /* AppDelegate.m */; };
		9B44AD9F19DFF538001CFDAE /* ViewController.m in Sources */ = {isa = PBXBuildFile; fileRef = 9B44AD9E19DFF538001CFDAE /* ViewController.m */; };
		9B44ADA219DFF538001CFDAE /* Main.storyboard in Resources */ = {isa = PBXBuildFile; fileRef = 9B44ADA019DFF538001CFDAE /* Main.storyboard */; };
		9B44ADA419DFF538001CFDAE /* Images.xcassets in Resources */ = {isa = PBXBuildFile; fileRef = 9B44ADA319DFF538001CFDAE /* Images.xcassets */; };
		9B44ADA719DFF538001CFDAE /* LaunchScreen.xib in Resources */ = {isa = PBXBuildFile; fileRef = 9B44ADA519DFF538001CFDAE /* LaunchScreen.xib */; };
		9B44ADB319DFF539001CFDAE /* JustapTests.m in Sources */ = {isa = PBXBuildFile; fileRef = 9B44ADB219DFF539001CFDAE /* JustapTests.m */; };
/* End PBXBuildFile section */

/* Begin PBXContainerItemProxy section */
		9B44ADAD19DFF538001CFDAE /* PBXContainerItemProxy */ = {
			isa = PBXContainerItemProxy;
			containerPortal = 9B44AD8B19DFF538001CFDAE /* Project object */;
			proxyType = 1;
			remoteGlobalIDString = 9B44AD9219DFF538001CFDAE;
			remoteInfo = Justap;
		};
/* End PBXContainerItemProxy section */

/* Begin PBXFileReference section */
		9B44AD9319DFF538001CFDAE /* Justap.app */ = {isa = PBXFileReference; explicitFileType = wrapper.application; includeInIndex = 0; path = Justap.app; sourceTree = BUILT_PRODUCTS_DIR; };
		9B44AD9719DFF538001CFDAE /* Info.plist */ = {isa = PBXFileReference; lastKnownFileType = text.plist.xml; path = Info.plist; sourceTree = "<group>"; };
		9B44AD9819DFF538001CFDAE /* main.m */ = {isa = PBXFileReference; lastKnownFileType = sourcecode.c.objc; path = main.m; sourceTree = "<group>"; };
		9B44AD9A19DFF538001CFDAE /* AppDelegate.h */ = {isa = PBXFileReference; lastKnownFileType = sourcecode.c.h; path = AppDelegate.h; sourceTree = "<group>"; };
		9B44AD9B19DFF538001CFDAE /* AppDelegate.m */ = {isa = PBXFileReference; lastKnownFileType = sourcecode.c.objc; path = AppDelegate.m; sourceTree = "<group>"; };
		9B44AD9D19DFF538001CFDAE /* ViewController.h */ = {isa = PBXFileReference; lastKnownFileType = sourcecode.c.h; path = ViewController.h; sourceTree = "<group>"; };
		9B44AD9E19DFF538001CFDAE /* ViewController.m */ = {isa = PBXFileReference; lastKnownFileType = sourcecode.c.objc; path = ViewController.m; sourceTree = "<group>"; };
		9B44ADA119DFF538001CFDAE /* Base */ = {isa = PBXFileReference; lastKnownFileType = file.storyboard; name = Base; path = Base.lproj/Main.storyboard; sourceTree = "<group>"; };
		9B44ADA319DFF538001CFDAE /* Images.xcassets */ = {isa = PBXFileReference; lastKnownFileType = folder.assetcatalog; path = Images.xcassets; sourceTree = "<group>"; };
		9B44ADA619DFF538001CFDAE /* Base */ = {isa = PBXFileReference; lastKnownFileType = file.xib; name = Base; path = Base.lproj/LaunchScreen.xib; sourceTree = "<group>"; };
		9B44ADAC19DFF538001CFDAE /* JustapTests.xctest */ = {isa = PBXFileReference; explicitFileType = wrapper.cfbundle; includeInIndex = 0; path = JustapTests.xctest; sourceTree = BUILT_PRODUCTS_DIR; };
		9B44ADB119DFF539001CFDAE /* Info.plist */ = {isa = PBXFileReference; lastKnownFileType = text.plist.xml; path = Info.plist; sourceTree = "<group>"; };
		9B44ADB219DFF539001CFDAE /* JustapTests.m */ = {isa = PBXFileReference; lastKnownFileType = sourcecode.c.objc; path = JustapTests.m; sourceTree = "<group>"; };
/* End PBXFileReference section */

/* Begin PBXFrameworksBuildPhase section */
		9B44AD9019DFF538001CFDAE /* Frameworks */ = {
			isa = PBXFrameworksBuildPhase;
			buildActionMask = 2147483647;
			files = (
			);
			runOnlyForDeploymentPostprocessing = 0;
		};
		9B44ADA919DFF538001CFDAE /* Frameworks */ = {
			isa = PBXFrameworksBuildPhase;
			buildActionMask = 2147483647;
			files = (
			);
			runOnlyForDeploymentPostprocessing = 0;
		};
/* End PBXFrameworksBuildPhase section */

/* Begin PBXGroup section */
		9B44AD8A19DFF538001CFDAE = {
			isa = PBXGroup;
			children = (
				9B44AD9519DFF538001CFDAE /* Justap */,
				9B44ADAF19DFF538001CFDAE /* JustapTests */,
				9B44AD9419DFF538001CFDAE /* Products */,
			);
			sourceTree = "<group>";
		};
		9B44AD9419DFF538001CFDAE /* Products */ = {
			isa = PBXGroup;
			children = (
				9B44AD9319DFF538001CFDAE /* Justap.app */,
				9B44ADAC19DFF538001CFDAE /* JustapTests.xctest */,
			);
			name = Products;
			sourceTree = "<group>";
		};
		9B44AD9519DFF538001CFDAE /* Justap */ = {
			isa = PBXGroup;
			children = (
				9B44AD9A19DFF538001CFDAE /* AppDelegate.h */,
				9B44AD9B19DFF538001CFDAE /* AppDelegate.m */,
				9B44AD9D19DFF538001CFDAE /* ViewController.h */,
				9B44AD9E19DFF538001CFDAE /* ViewController.m */,
				9B44ADA019DFF538001CFDAE /* Main.storyboard */,
				9B44ADA319DFF538001CFDAE /* Images.xcassets */,
				9B44ADA519DFF538001CFDAE /* LaunchScreen.xib */,
				9B44AD9619DFF538001CFDAE /* Supporting Files */,
			);
			path = Justap;
			sourceTree = "<group>";
		};
		9B44AD9619DFF538001CFDAE /* Supporting Files */ = {
			isa = PBXGroup;
			children = (
				9B44AD9719DFF538001CFDAE /* Info.plist */,
				9B44AD9819DFF538001CFDAE /* main.m */,
			);
			name = "Supporting Files";
			sourceTree = "<group>";
		};
		9B44ADAF19DFF538001CFDAE /* JustapTests */ = {
			isa = PBXGroup;
			children = (
				9B44ADB219DFF539001CFDAE /* JustapTests.m */,
				9B44ADB019DFF539001CFDAE /* Supporting Files */,
			);
			path = JustapTests;
			sourceTree = "<group>";
		};
		9B44ADB019DFF539001CFDAE /* Supporting Files */ = {
			isa = PBXGroup;
			children = (
				9B44ADB119DFF539001CFDAE /* Info.plist */,
			);
			name = "Supporting Files";
			sourceTree = "<group>";
		};
/* End PBXGroup section */

/* Begin PBXNativeTarget section */
		9B44AD9219DFF538001CFDAE /* Justap */ = {
			isa = PBXNativeTarget;
			buildConfigurationList = 9B44ADB619DFF539001CFDAE /* Build configuration list for PBXNativeTarget "Justap" */;
			buildPhases = (
				9B44AD8F19DFF538001CFDAE /* Sources */,
				9B44AD9019DFF538001CFDAE /* Frameworks */,
				9B44AD9119DFF538001CFDAE /* Resources */,
			);
			buildRules = (
			);
			dependencies = (
			);
			name = Justap;
			productName = Justap;
			productReference = 9B44AD9319DFF538001CFDAE /* Justap.app */;
			productType = "com.apple.product-type.application";
		};
		9B44ADAB19DFF538001CFDAE /* JustapTests */ = {
			isa = PBXNativeTarget;
			buildConfigurationList = 9B44ADB919DFF539001CFDAE /* Build configuration list for PBXNativeTarget "JustapTests" */;
			buildPhases = (
				9B44ADA819DFF538001CFDAE /* Sources */,
				9B44ADA919DFF538001CFDAE /* Frameworks */,
				9B44ADAA19DFF538001CFDAE /* Resources */,
			);
			buildRules = (
			);
			dependencies = (
				9B44ADAE19DFF538001CFDAE /* PBXTargetDependency */,
			);
			name = JustapTests;
			productName = JustapTests;
			productReference = 9B44ADAC19DFF538001CFDAE /* JustapTests.xctest */;
			productType = "com.apple.product-type.bundle.unit-test";
		};
/* End PBXNativeTarget section */

/* Begin PBXProject section */
		9B44AD8B19DFF538001CFDAE /* Project object */ = {
			isa = PBXProject;
			attributes = {
				LastUpgradeCheck = 0600;
				ORGANIZATIONNAME = Mingyang;
				TargetAttributes = {
					9B44AD9219DFF538001CFDAE = {
						CreatedOnToolsVersion = 6.0;
					};
					9B44ADAB19DFF538001CFDAE = {
						CreatedOnToolsVersion = 6.0;
						TestTargetID = 9B44AD9219DFF538001CFDAE;
					};
				};
			};
			buildConfigurationList = 9B44AD8E19DFF538001CFDAE /* Build configuration list for PBXProject "Justap" */;
			compatibilityVersion = "Xcode 3.2";
			developmentRegion = English;
			hasScannedForEncodings = 0;
			knownRegions = (
				en,
				Base,
			);
			mainGroup = 9B44AD8A19DFF538001CFDAE;
			productRefGroup = 9B44AD9419DFF538001CFDAE /* Products */;
			projectDirPath = "";
			projectRoot = "";
			targets = (
				9B44AD9219DFF538001CFDAE /* Justap */,
				9B44ADAB19DFF538001CFDAE /* JustapTests */,
			);
		};
/* End PBXProject section */

/* Begin PBXResourcesBuildPhase section */
		9B44AD9119DFF538001CFDAE /* Resources */ = {
			isa = PBXResourcesBuildPhase;
			buildActionMask = 2147483647;
			files = (
				9B44ADA219DFF538001CFDAE /* Main.storyboard in Resources */,
				9B44ADA719DFF538001CFDAE /* LaunchScreen.xib in Resources */,
				9B44ADA419DFF538001CFDAE /* Images.xcassets in Resources */,
			);
			runOnlyForDeploymentPostprocessing = 0;
		};
		9B44ADAA19DFF538001CFDAE /* Resources */ = {
			isa = PBXResourcesBuildPhase;
			buildActionMask = 2147483647;
			files = (
			);
			runOnlyForDeploymentPostprocessing = 0;
		};
/* End PBXResourcesBuildPhase section */

/* Begin PBXSourcesBuildPhase section */
		9B44AD8F19DFF538001CFDAE /* Sources */ = {
			isa = PBXSourcesBuildPhase;
			buildActionMask = 2147483647;
			files = (
				9B44AD9F19DFF538001CFDAE /* ViewController.m in Sources */,
				9B44AD9C19DFF538001CFDAE /* AppDelegate.m in Sources */,
				9B44AD9919DFF538001CFDAE /* main.m in Sources */,
			);
			runOnlyForDeploymentPostprocessing = 0;
		};
		9B44ADA819DFF538001CFDAE /* Sources */ = {
			isa = PBXSourcesBuildPhase;
			buildActionMask = 2147483647;
			files = (
				9B44ADB319DFF539001CFDAE /* JustapTests.m in Sources */,
			);
			runOnlyForDeploymentPostprocessing = 0;
		};
/* End PBXSourcesBuildPhase section */

/* Begin PBXTargetDependency section */
		9B44ADAE19DFF538001CFDAE /* PBXTargetDependency */ = {
			isa = PBXTargetDependency;
			target = 9B44AD9219DFF538001CFDAE /* Justap */;
			targetProxy = 9B44ADAD19DFF538001CFDAE /* PBXContainerItemProxy */;
		};
/* End PBXTargetDependency section */

/* Begin PBXVariantGroup section */
		9B44ADA019DFF538001CFDAE /* Main.storyboard */ = {
			isa = PBXVariantGroup;
			children = (
				9B44ADA119DFF538001CFDAE /* Base */,
			);
			name = Main.storyboard;
			sourceTree = "<group>";
		};
		9B44ADA519DFF538001CFDAE /* LaunchScreen.xib */ = {
			isa = PBXVariantGroup;
			children = (
				9B44ADA619DFF538001CFDAE /* Base */,
			);
			name = LaunchScreen.xib;
			sourceTree = "<group>";
		};
/* End PBXVariantGroup section */

/* Begin XCBuildConfiguration section */
		9B44ADB419DFF539001CFDAE /* Debug */ = {
			isa = XCBuildConfiguration;
			buildSettings = {
				ALWAYS_SEARCH_USER_PATHS = NO;
				CLANG_CXX_LANGUAGE_STANDARD = "gnu++0x";
				CLANG_CXX_LIBRARY = "libc++";
				CLANG_ENABLE_MODULES = YES;
				CLANG_ENABLE_OBJC_ARC = YES;
				CLANG_WARN_BOOL_CONVERSION = YES;
				CLANG_WARN_CONSTANT_CONVERSION = YES;
				CLANG_WARN_DIRECT_OBJC_ISA_USAGE = YES_ERROR;
				CLANG_WARN_EMPTY_BODY = YES;
				CLANG_WARN_ENUM_CONVERSION = YES;
				CLANG_WARN_INT_CONVERSION = YES;
				CLANG_WARN_OBJC_ROOT_CLASS = YES_ERROR;
				CLANG_WARN_UNREACHABLE_CODE = YES;
				CLANG_WARN__DUPLICATE_METHOD_MATCH = YES;
				"CODE_SIGN_IDENTITY[sdk=iphoneos*]" = "iPhone Developer";
				COPY_PHASE_STRIP = NO;
				ENABLE_STRICT_OBJC_MSGSEND = YES;
				GCC_C_LANGUAGE_STANDARD = gnu99;
				GCC_DYNAMIC_NO_PIC = NO;
				GCC_OPTIMIZATION_LEVEL = 0;
				GCC_PREPROCESSOR_DEFINITIONS = (
					"DEBUG=1",
					"$(inherited)",
				);
				GCC_SYMBOLS_PRIVATE_EXTERN = NO;
				GCC_WARN_64_TO_32_BIT_CONVERSION = YES;
				GCC_WARN_ABOUT_RETURN_TYPE = YES_ERROR;
				GCC_WARN_UNDECLARED_SELECTOR = YES;
				GCC_WARN_UNINITIALIZED_AUTOS = YES_AGGRESSIVE;
				GCC_WARN_UNUSED_FUNCTION = YES;
				GCC_WARN_UNUSED_VARIABLE = YES;
				IPHONEOS_DEPLOYMENT_TARGET = 8.0;
				MTL_ENABLE_DEBUG_INFO = YES;
				ONLY_ACTIVE_ARCH = YES;
				SDKROOT = iphoneos;
				TARGETED_DEVICE_FAMILY = "1,2";
			};
			name = Debug;
		};
		9B44ADB519DFF539001CFDAE /* Release */ = {
			isa = XCBuildConfiguration;
			buildSettings = {
				ALWAYS_SEARCH_USER_PATHS = NO;
				CLANG_CXX_LANGUAGE_STANDARD = "gnu++0x";
				CLANG_CXX_LIBRARY = "libc++";
				CLANG_ENABLE_MODULES = YES;
				CLANG_ENABLE_OBJC_ARC = YES;
				CLANG_WARN_BOOL_CONVERSION = YES;
				CLANG_WARN_CONSTANT_CONVERSION = YES;
				CLANG_WARN_DIRECT_OBJC_ISA_USAGE = YES_ERROR;
				CLANG_WARN_EMPTY_BODY = YES;
				CLANG_WARN_ENUM_CONVERSION = YES;
				CLANG_WARN_INT_CONVERSION = YES;
				CLANG_WARN_OBJC_ROOT_CLASS = YES_ERROR;
				CLANG_WARN_UNREACHABLE_CODE = YES;
				CLANG_WARN__DUPLICATE_METHOD_MATCH = YES;
				"CODE_SIGN_IDENTITY[sdk=iphoneos*]" = "iPhone Developer";
				COPY_PHASE_STRIP = YES;
				ENABLE_NS_ASSERTIONS = NO;
				ENABLE_STRICT_OBJC_MSGSEND = YES;
				GCC_C_LANGUAGE_STANDARD = gnu99;
				GCC_WARN_64_TO_32_BIT_CONVERSION = YES;
				GCC_WARN_ABOUT_RETURN_TYPE = YES_ERROR;
				GCC_WARN_UNDECLARED_SELECTOR = YES;
				GCC_WARN_UNINITIALIZED_AUTOS = YES_AGGRESSIVE;
				GCC_WARN_UNUSED_FUNCTION = YES;
				GCC_WARN_UNUSED_VARIABLE = YES;
				IPHONEOS_DEPLOYMENT_TARGET = 8.0;
				MTL_ENABLE_DEBUG_INFO = NO;
				SDKROOT = iphoneos;
				TARGETED_DEVICE_FAMILY = "1,2";
				VALIDATE_PRODUCT = YES;
			};
			name = Release;
		};
		9B44ADB719DFF539001CFDAE /* Debug */ = {
			isa = XCBuildConfiguration;
			buildSettings = {
				ASSETCATALOG_COMPILER_APPICON_NAME = AppIcon;
				INFOPLIST_FILE = Justap/Info.plist;
				LD_RUNPATH_SEARCH_PATHS = "$(inherited) @executable_path/Frameworks";
				PRODUCT_NAME = "$(TARGET_NAME)";
			};
			name = Debug;
		};
		9B44ADB819DFF539001CFDAE /* Release */ = {
			isa = XCBuildConfiguration;
			buildSettings = {
				ASSETCATALOG_COMPILER_APPICON_NAME = AppIcon;
				INFOPLIST_FILE = Justap/Info.plist;
				LD_RUNPATH_SEARCH_PATHS = "$(inherited) @executable_path/Frameworks";
				PRODUCT_NAME = "$(TARGET_NAME)";
			};
			name = Release;
		};
		9B44ADBA19DFF539001CFDAE /* Debug */ = {
			isa = XCBuildConfiguration;
			buildSettings = {
				BUNDLE_LOADER = "$(TEST_HOST)";
				FRAMEWORK_SEARCH_PATHS = (
					"$(SDKROOT)/Developer/Library/Frameworks",
					"$(inherited)",
				);
				GCC_PREPROCESSOR_DEFINITIONS = (
					"DEBUG=1",
					"$(inherited)",
				);
				INFOPLIST_FILE = JustapTests/Info.plist;
				LD_RUNPATH_SEARCH_PATHS = "$(inherited) @executable_path/Frameworks @loader_path/Frameworks";
				PRODUCT_NAME = "$(TARGET_NAME)";
				TEST_HOST = "$(BUILT_PRODUCTS_DIR)/Justap.app/Justap";
			};
			name = Debug;
		};
		9B44ADBB19DFF539001CFDAE /* Release */ = {
			isa = XCBuildConfiguration;
			buildSettings = {
				BUNDLE_LOADER = "$(TEST_HOST)";
				FRAMEWORK_SEARCH_PATHS = (
					"$(SDKROOT)/Developer/Library/Frameworks",
					"$(inherited)",
				);
				INFOPLIST_FILE = JustapTests/Info.plist;
				LD_RUNPATH_SEARCH_PATHS = "$(inherited) @executable_path/Frameworks @loader_path/Frameworks";
				PRODUCT_NAME = "$(TARGET_NAME)";
				TEST_HOST = "$(BUILT_PRODUCTS_DIR)/Justap.app/Justap";
			};
			name = Release;
		};
/* End XCBuildConfiguration section */

/* Begin XCConfigurationList section */
		9B44AD8E19DFF538001CFDAE /* Build configuration list for PBXProject "Justap" */ = {
			isa = XCConfigurationList;
			buildConfigurations = (
				9B44ADB419DFF539001CFDAE /* Debug */,
				9B44ADB519DFF539001CFDAE /* Release */,
			);
			defaultConfigurationIsVisible = 0;
			defaultConfigurationName = Release;
		};
		9B44ADB619DFF539001CFDAE /* Build configuration list for PBXNativeTarget "Justap" */ = {
			isa = XCConfigurationList;
			buildConfigurations = (
				9B44ADB719DFF539001CFDAE /* Debug */,
				9B44ADB819DFF539001CFDAE /* Release */,
			);
			defaultConfigurationIsVisible = 0;
		};
		9B44ADB919DFF539001CFDAE /* Build configuration list for PBXNativeTarget "JustapTests" */ = {
			isa = XCConfigurationList;
			buildConfigurations = (
				9B44ADBA19DFF539001CFDAE /* Debug */,
				9B44ADBB19DFF539001CFDAE /* Release */,
			);
			defaultConfigurationIsVisible = 0;
		};
/* End XCConfigurationList section */
	};
	rootObject = 9B44AD8B19DFF538001CFDAE /* Project object */;
}
