// !$*UTF8*$!
{
	archiveVersion = 1;
	classes = {
	};
	objectVersion = 46;
	objects = {

/* Begin PBXBuildFile section */
		65D9F920B7D0432BBD49B92A /* libPods-Justap.a in Frameworks */ = {isa = PBXBuildFile; fileRef = C8118F67F8D84934860AB42E /* libPods-Justap.a */; };
		9B2E89C819E0D3CB00BAFB3E /* AAAScoreViewController.m in Sources */ = {isa = PBXBuildFile; fileRef = 9B2E89C119E0D3CB00BAFB3E /* AAAScoreViewController.m */; };
		9B2E89C919E0D3CB00BAFB3E /* AAAScoreView.m in Sources */ = {isa = PBXBuildFile; fileRef = 9B2E89C319E0D3CB00BAFB3E /* AAAScoreView.m */; };
		9B2E89CA19E0D3CB00BAFB3E /* AAAMainPlayer.m in Sources */ = {isa = PBXBuildFile; fileRef = 9B2E89C519E0D3CB00BAFB3E /* AAAMainPlayer.m */; };
		9B2E89CB19E0D3CB00BAFB3E /* AAAGamificationManager.m in Sources */ = {isa = PBXBuildFile; fileRef = 9B2E89C719E0D3CB00BAFB3E /* AAAGamificationManager.m */; };
		9B2E89D219E0D3E200BAFB3E /* AAAAChievement.m in Sources */ = {isa = PBXBuildFile; fileRef = 9B2E89CD19E0D3E200BAFB3E /* AAAAChievement.m */; };
		9B2E89D319E0D3E200BAFB3E /* AAAAchievmentViewController.m in Sources */ = {isa = PBXBuildFile; fileRef = 9B2E89CF19E0D3E200BAFB3E /* AAAAchievmentViewController.m */; };
		9B2E89D419E0D3E200BAFB3E /* AAAAchievementManager.m in Sources */ = {isa = PBXBuildFile; fileRef = 9B2E89D119E0D3E200BAFB3E /* AAAAchievementManager.m */; };
		9B2E89DA19E135F600BAFB3E /* FacebookSDK.framework in Frameworks */ = {isa = PBXBuildFile; fileRef = 9B2E89D919E135F600BAFB3E /* FacebookSDK.framework */; };
		9B44AD9919DFF538001CFDAE /* main.m in Sources */ = {isa = PBXBuildFile; fileRef = 9B44AD9819DFF538001CFDAE /* main.m */; };
		9B44AD9C19DFF538001CFDAE /* AppDelegate.m in Sources */ = {isa = PBXBuildFile; fileRef = 9B44AD9B19DFF538001CFDAE /* AppDelegate.m */; };
		9B44AD9F19DFF538001CFDAE /* ViewController.m in Sources */ = {isa = PBXBuildFile; fileRef = 9B44AD9E19DFF538001CFDAE /* ViewController.m */; };
		9B44ADA219DFF538001CFDAE /* Main.storyboard in Resources */ = {isa = PBXBuildFile; fileRef = 9B44ADA019DFF538001CFDAE /* Main.storyboard */; };
		9B44ADA419DFF538001CFDAE /* Images.xcassets in Resources */ = {isa = PBXBuildFile; fileRef = 9B44ADA319DFF538001CFDAE /* Images.xcassets */; };
		9B44ADA719DFF538001CFDAE /* LaunchScreen.xib in Resources */ = {isa = PBXBuildFile; fileRef = 9B44ADA519DFF538001CFDAE /* LaunchScreen.xib */; };
		9B44ADBE19DFF943001CFDAE /* RQShineLabel.m in Sources */ = {isa = PBXBuildFile; fileRef = 9B44ADBD19DFF943001CFDAE /* RQShineLabel.m */; };
		9BD5B9E819E001DE002CFA2C /* FUIAlertView.m in Sources */ = {isa = PBXBuildFile; fileRef = 9BD5B9C319E001DE002CFA2C /* FUIAlertView.m */; };
		9BD5B9E919E001DE002CFA2C /* FUIButton.m in Sources */ = {isa = PBXBuildFile; fileRef = 9BD5B9C519E001DE002CFA2C /* FUIButton.m */; };
		9BD5B9EA19E001DE002CFA2C /* FUICellBackgroundView.m in Sources */ = {isa = PBXBuildFile; fileRef = 9BD5B9C719E001DE002CFA2C /* FUICellBackgroundView.m */; };
		9BD5B9EB19E001DE002CFA2C /* FUIPopoverBackgroundView.m in Sources */ = {isa = PBXBuildFile; fileRef = 9BD5B9C919E001DE002CFA2C /* FUIPopoverBackgroundView.m */; };
		9BD5B9EC19E001DE002CFA2C /* FUISegmentedControl.m in Sources */ = {isa = PBXBuildFile; fileRef = 9BD5B9CB19E001DE002CFA2C /* FUISegmentedControl.m */; };
		9BD5B9ED19E001DE002CFA2C /* FUISwitch.m in Sources */ = {isa = PBXBuildFile; fileRef = 9BD5B9CD19E001DE002CFA2C /* FUISwitch.m */; };
		9BD5B9EE19E001DE002CFA2C /* FUITextField.m in Sources */ = {isa = PBXBuildFile; fileRef = 9BD5B9CF19E001DE002CFA2C /* FUITextField.m */; };
		9BD5B9EF19E001DE002CFA2C /* UIBarButtonItem+FlatUI.m in Sources */ = {isa = PBXBuildFile; fileRef = 9BD5B9D119E001DE002CFA2C /* UIBarButtonItem+FlatUI.m */; };
		9BD5B9F019E001DE002CFA2C /* UIColor+FlatUI.m in Sources */ = {isa = PBXBuildFile; fileRef = 9BD5B9D319E001DE002CFA2C /* UIColor+FlatUI.m */; };
		9BD5B9F119E001DE002CFA2C /* UIFont+FlatUI.m in Sources */ = {isa = PBXBuildFile; fileRef = 9BD5B9D519E001DE002CFA2C /* UIFont+FlatUI.m */; };
		9BD5B9F219E001DE002CFA2C /* UIImage+FlatUI.m in Sources */ = {isa = PBXBuildFile; fileRef = 9BD5B9D719E001DE002CFA2C /* UIImage+FlatUI.m */; };
		9BD5B9F319E001DE002CFA2C /* UINavigationBar+FlatUI.m in Sources */ = {isa = PBXBuildFile; fileRef = 9BD5B9D919E001DE002CFA2C /* UINavigationBar+FlatUI.m */; };
		9BD5B9F419E001DE002CFA2C /* UIPopoverController+FlatUI.m in Sources */ = {isa = PBXBuildFile; fileRef = 9BD5B9DB19E001DE002CFA2C /* UIPopoverController+FlatUI.m */; };
		9BD5B9F519E001DE002CFA2C /* UIProgressView+FlatUI.m in Sources */ = {isa = PBXBuildFile; fileRef = 9BD5B9DD19E001DE002CFA2C /* UIProgressView+FlatUI.m */; };
		9BD5B9F619E001DE002CFA2C /* UISlider+FlatUI.m in Sources */ = {isa = PBXBuildFile; fileRef = 9BD5B9DF19E001DE002CFA2C /* UISlider+FlatUI.m */; };
		9BD5B9F719E001DE002CFA2C /* UIStepper+FlatUI.m in Sources */ = {isa = PBXBuildFile; fileRef = 9BD5B9E119E001DE002CFA2C /* UIStepper+FlatUI.m */; };
		9BD5B9F819E001DE002CFA2C /* UITabBar+FlatUI.m in Sources */ = {isa = PBXBuildFile; fileRef = 9BD5B9E319E001DE002CFA2C /* UITabBar+FlatUI.m */; };
		9BD5B9F919E001DE002CFA2C /* UITableViewCell+FlatUI.m in Sources */ = {isa = PBXBuildFile; fileRef = 9BD5B9E519E001DE002CFA2C /* UITableViewCell+FlatUI.m */; };
		9BD5B9FA19E001DE002CFA2C /* UIToolbar+FlatUI.m in Sources */ = {isa = PBXBuildFile; fileRef = 9BD5B9E719E001DE002CFA2C /* UIToolbar+FlatUI.m */; };
/* End PBXBuildFile section */

/* Begin PBXFileReference section */
		134DBDDA472D065C061225D3 /* Pods-Justap.release.xcconfig */ = {isa = PBXFileReference; includeInIndex = 1; lastKnownFileType = text.xcconfig; name = "Pods-Justap.release.xcconfig"; path = "Pods/Target Support Files/Pods-Justap/Pods-Justap.release.xcconfig"; sourceTree = "<group>"; };
		5CA57A4C3BC504C7B53BD7C1 /* Pods-Justap.debug.xcconfig */ = {isa = PBXFileReference; includeInIndex = 1; lastKnownFileType = text.xcconfig; name = "Pods-Justap.debug.xcconfig"; path = "Pods/Target Support Files/Pods-Justap/Pods-Justap.debug.xcconfig"; sourceTree = "<group>"; };
		9B2E89C019E0D3CB00BAFB3E /* AAAScoreViewController.h */ = {isa = PBXFileReference; fileEncoding = 4; lastKnownFileType = sourcecode.c.h; path = AAAScoreViewController.h; sourceTree = "<group>"; };
		9B2E89C119E0D3CB00BAFB3E /* AAAScoreViewController.m */ = {isa = PBXFileReference; fileEncoding = 4; lastKnownFileType = sourcecode.c.objc; path = AAAScoreViewController.m; sourceTree = "<group>"; };
		9B2E89C219E0D3CB00BAFB3E /* AAAScoreView.h */ = {isa = PBXFileReference; fileEncoding = 4; lastKnownFileType = sourcecode.c.h; path = AAAScoreView.h; sourceTree = "<group>"; };
		9B2E89C319E0D3CB00BAFB3E /* AAAScoreView.m */ = {isa = PBXFileReference; fileEncoding = 4; lastKnownFileType = sourcecode.c.objc; path = AAAScoreView.m; sourceTree = "<group>"; };
		9B2E89C419E0D3CB00BAFB3E /* AAAMainPlayer.h */ = {isa = PBXFileReference; fileEncoding = 4; lastKnownFileType = sourcecode.c.h; path = AAAMainPlayer.h; sourceTree = "<group>"; };
		9B2E89C519E0D3CB00BAFB3E /* AAAMainPlayer.m */ = {isa = PBXFileReference; fileEncoding = 4; lastKnownFileType = sourcecode.c.objc; path = AAAMainPlayer.m; sourceTree = "<group>"; };
		9B2E89C619E0D3CB00BAFB3E /* AAAGamificationManager.h */ = {isa = PBXFileReference; fileEncoding = 4; lastKnownFileType = sourcecode.c.h; path = AAAGamificationManager.h; sourceTree = "<group>"; };
		9B2E89C719E0D3CB00BAFB3E /* AAAGamificationManager.m */ = {isa = PBXFileReference; fileEncoding = 4; lastKnownFileType = sourcecode.c.objc; path = AAAGamificationManager.m; sourceTree = "<group>"; };
		9B2E89CC19E0D3E200BAFB3E /* AAAAChievement.h */ = {isa = PBXFileReference; fileEncoding = 4; lastKnownFileType = sourcecode.c.h; path = AAAAChievement.h; sourceTree = "<group>"; };
		9B2E89CD19E0D3E200BAFB3E /* AAAAChievement.m */ = {isa = PBXFileReference; fileEncoding = 4; lastKnownFileType = sourcecode.c.objc; path = AAAAChievement.m; sourceTree = "<group>"; };
		9B2E89CE19E0D3E200BAFB3E /* AAAAchievmentViewController.h */ = {isa = PBXFileReference; fileEncoding = 4; lastKnownFileType = sourcecode.c.h; path = AAAAchievmentViewController.h; sourceTree = "<group>"; };
		9B2E89CF19E0D3E200BAFB3E /* AAAAchievmentViewController.m */ = {isa = PBXFileReference; fileEncoding = 4; lastKnownFileType = sourcecode.c.objc; path = AAAAchievmentViewController.m; sourceTree = "<group>"; };
		9B2E89D019E0D3E200BAFB3E /* AAAAchievementManager.h */ = {isa = PBXFileReference; fileEncoding = 4; lastKnownFileType = sourcecode.c.h; path = AAAAchievementManager.h; sourceTree = "<group>"; };
		9B2E89D119E0D3E200BAFB3E /* AAAAchievementManager.m */ = {isa = PBXFileReference; fileEncoding = 4; lastKnownFileType = sourcecode.c.objc; path = AAAAchievementManager.m; sourceTree = "<group>"; };
		9B2E89D919E135F600BAFB3E /* FacebookSDK.framework */ = {isa = PBXFileReference; lastKnownFileType = wrapper.framework; path = FacebookSDK.framework; sourceTree = "<group>"; };
		9B44AD9319DFF538001CFDAE /* Justap.app */ = {isa = PBXFileReference; explicitFileType = wrapper.application; includeInIndex = 0; path = Justap.app; sourceTree = BUILT_PRODUCTS_DIR; };
		9B44AD9719DFF538001CFDAE /* Info.plist */ = {isa = PBXFileReference; lastKnownFileType = text.plist.xml; path = Info.plist; sourceTree = "<group>"; };
		9B44AD9819DFF538001CFDAE /* main.m */ = {isa = PBXFileReference; lastKnownFileType = sourcecode.c.objc; path = main.m; sourceTree = "<group>"; };
		9B44AD9A19DFF538001CFDAE /* AppDelegate.h */ = {isa = PBXFileReference; lastKnownFileType = sourcecode.c.h; path = AppDelegate.h; sourceTree = "<group>"; };
		9B44AD9B19DFF538001CFDAE /* AppDelegate.m */ = {isa = PBXFileReference; lastKnownFileType = sourcecode.c.objc; path = AppDelegate.m; sourceTree = "<group>"; };
		9B44AD9D19DFF538001CFDAE /* ViewController.h */ = {isa = PBXFileReference; lastKnownFileType = sourcecode.c.h; path = ViewController.h; sourceTree = "<group>"; };
		9B44AD9E19DFF538001CFDAE /* ViewController.m */ = {isa = PBXFileReference; lastKnownFileType = sourcecode.c.objc; path = ViewController.m; sourceTree = "<group>"; };
		9B44ADA119DFF538001CFDAE /* Base */ = {isa = PBXFileReference; lastKnownFileType = file.storyboard; name = Base; path = Base.lproj/Main.storyboard; sourceTree = "<group>"; };
		9B44ADA319DFF538001CFDAE /* Images.xcassets */ = {isa = PBXFileReference; lastKnownFileType = folder.assetcatalog; path = Images.xcassets; sourceTree = "<group>"; };
		9B44ADA619DFF538001CFDAE /* Base */ = {isa = PBXFileReference; lastKnownFileType = file.xib; name = Base; path = Base.lproj/LaunchScreen.xib; sourceTree = "<group>"; };
		9B44ADBC19DFF943001CFDAE /* RQShineLabel.h */ = {isa = PBXFileReference; fileEncoding = 4; lastKnownFileType = sourcecode.c.h; path = RQShineLabel.h; sourceTree = "<group>"; };
		9B44ADBD19DFF943001CFDAE /* RQShineLabel.m */ = {isa = PBXFileReference; fileEncoding = 4; lastKnownFileType = sourcecode.c.objc; path = RQShineLabel.m; sourceTree = "<group>"; };
		9BD5B9C119E001DE002CFA2C /* FlatUIKit.h */ = {isa = PBXFileReference; fileEncoding = 4; lastKnownFileType = sourcecode.c.h; path = FlatUIKit.h; sourceTree = "<group>"; };
		9BD5B9C219E001DE002CFA2C /* FUIAlertView.h */ = {isa = PBXFileReference; fileEncoding = 4; lastKnownFileType = sourcecode.c.h; path = FUIAlertView.h; sourceTree = "<group>"; };
		9BD5B9C319E001DE002CFA2C /* FUIAlertView.m */ = {isa = PBXFileReference; fileEncoding = 4; lastKnownFileType = sourcecode.c.objc; path = FUIAlertView.m; sourceTree = "<group>"; };
		9BD5B9C419E001DE002CFA2C /* FUIButton.h */ = {isa = PBXFileReference; fileEncoding = 4; lastKnownFileType = sourcecode.c.h; path = FUIButton.h; sourceTree = "<group>"; };
		9BD5B9C519E001DE002CFA2C /* FUIButton.m */ = {isa = PBXFileReference; fileEncoding = 4; lastKnownFileType = sourcecode.c.objc; path = FUIButton.m; sourceTree = "<group>"; };
		9BD5B9C619E001DE002CFA2C /* FUICellBackgroundView.h */ = {isa = PBXFileReference; fileEncoding = 4; lastKnownFileType = sourcecode.c.h; path = FUICellBackgroundView.h; sourceTree = "<group>"; };
		9BD5B9C719E001DE002CFA2C /* FUICellBackgroundView.m */ = {isa = PBXFileReference; fileEncoding = 4; lastKnownFileType = sourcecode.c.objc; path = FUICellBackgroundView.m; sourceTree = "<group>"; };
		9BD5B9C819E001DE002CFA2C /* FUIPopoverBackgroundView.h */ = {isa = PBXFileReference; fileEncoding = 4; lastKnownFileType = sourcecode.c.h; path = FUIPopoverBackgroundView.h; sourceTree = "<group>"; };
		9BD5B9C919E001DE002CFA2C /* FUIPopoverBackgroundView.m */ = {isa = PBXFileReference; fileEncoding = 4; lastKnownFileType = sourcecode.c.objc; path = FUIPopoverBackgroundView.m; sourceTree = "<group>"; };
		9BD5B9CA19E001DE002CFA2C /* FUISegmentedControl.h */ = {isa = PBXFileReference; fileEncoding = 4; lastKnownFileType = sourcecode.c.h; path = FUISegmentedControl.h; sourceTree = "<group>"; };
		9BD5B9CB19E001DE002CFA2C /* FUISegmentedControl.m */ = {isa = PBXFileReference; fileEncoding = 4; lastKnownFileType = sourcecode.c.objc; path = FUISegmentedControl.m; sourceTree = "<group>"; };
		9BD5B9CC19E001DE002CFA2C /* FUISwitch.h */ = {isa = PBXFileReference; fileEncoding = 4; lastKnownFileType = sourcecode.c.h; path = FUISwitch.h; sourceTree = "<group>"; };
		9BD5B9CD19E001DE002CFA2C /* FUISwitch.m */ = {isa = PBXFileReference; fileEncoding = 4; lastKnownFileType = sourcecode.c.objc; path = FUISwitch.m; sourceTree = "<group>"; };
		9BD5B9CE19E001DE002CFA2C /* FUITextField.h */ = {isa = PBXFileReference; fileEncoding = 4; lastKnownFileType = sourcecode.c.h; path = FUITextField.h; sourceTree = "<group>"; };
		9BD5B9CF19E001DE002CFA2C /* FUITextField.m */ = {isa = PBXFileReference; fileEncoding = 4; lastKnownFileType = sourcecode.c.objc; path = FUITextField.m; sourceTree = "<group>"; };
		9BD5B9D019E001DE002CFA2C /* UIBarButtonItem+FlatUI.h */ = {isa = PBXFileReference; fileEncoding = 4; lastKnownFileType = sourcecode.c.h; path = "UIBarButtonItem+FlatUI.h"; sourceTree = "<group>"; };
		9BD5B9D119E001DE002CFA2C /* UIBarButtonItem+FlatUI.m */ = {isa = PBXFileReference; fileEncoding = 4; lastKnownFileType = sourcecode.c.objc; path = "UIBarButtonItem+FlatUI.m"; sourceTree = "<group>"; };
		9BD5B9D219E001DE002CFA2C /* UIColor+FlatUI.h */ = {isa = PBXFileReference; fileEncoding = 4; lastKnownFileType = sourcecode.c.h; path = "UIColor+FlatUI.h"; sourceTree = "<group>"; };
		9BD5B9D319E001DE002CFA2C /* UIColor+FlatUI.m */ = {isa = PBXFileReference; fileEncoding = 4; lastKnownFileType = sourcecode.c.objc; path = "UIColor+FlatUI.m"; sourceTree = "<group>"; };
		9BD5B9D419E001DE002CFA2C /* UIFont+FlatUI.h */ = {isa = PBXFileReference; fileEncoding = 4; lastKnownFileType = sourcecode.c.h; path = "UIFont+FlatUI.h"; sourceTree = "<group>"; };
		9BD5B9D519E001DE002CFA2C /* UIFont+FlatUI.m */ = {isa = PBXFileReference; fileEncoding = 4; lastKnownFileType = sourcecode.c.objc; path = "UIFont+FlatUI.m"; sourceTree = "<group>"; };
		9BD5B9D619E001DE002CFA2C /* UIImage+FlatUI.h */ = {isa = PBXFileReference; fileEncoding = 4; lastKnownFileType = sourcecode.c.h; path = "UIImage+FlatUI.h"; sourceTree = "<group>"; };
		9BD5B9D719E001DE002CFA2C /* UIImage+FlatUI.m */ = {isa = PBXFileReference; fileEncoding = 4; lastKnownFileType = sourcecode.c.objc; path = "UIImage+FlatUI.m"; sourceTree = "<group>"; };
		9BD5B9D819E001DE002CFA2C /* UINavigationBar+FlatUI.h */ = {isa = PBXFileReference; fileEncoding = 4; lastKnownFileType = sourcecode.c.h; path = "UINavigationBar+FlatUI.h"; sourceTree = "<group>"; };
		9BD5B9D919E001DE002CFA2C /* UINavigationBar+FlatUI.m */ = {isa = PBXFileReference; fileEncoding = 4; lastKnownFileType = sourcecode.c.objc; path = "UINavigationBar+FlatUI.m"; sourceTree = "<group>"; };
		9BD5B9DA19E001DE002CFA2C /* UIPopoverController+FlatUI.h */ = {isa = PBXFileReference; fileEncoding = 4; lastKnownFileType = sourcecode.c.h; path = "UIPopoverController+FlatUI.h"; sourceTree = "<group>"; };
		9BD5B9DB19E001DE002CFA2C /* UIPopoverController+FlatUI.m */ = {isa = PBXFileReference; fileEncoding = 4; lastKnownFileType = sourcecode.c.objc; path = "UIPopoverController+FlatUI.m"; sourceTree = "<group>"; };
		9BD5B9DC19E001DE002CFA2C /* UIProgressView+FlatUI.h */ = {isa = PBXFileReference; fileEncoding = 4; lastKnownFileType = sourcecode.c.h; path = "UIProgressView+FlatUI.h"; sourceTree = "<group>"; };
		9BD5B9DD19E001DE002CFA2C /* UIProgressView+FlatUI.m */ = {isa = PBXFileReference; fileEncoding = 4; lastKnownFileType = sourcecode.c.objc; path = "UIProgressView+FlatUI.m"; sourceTree = "<group>"; };
		9BD5B9DE19E001DE002CFA2C /* UISlider+FlatUI.h */ = {isa = PBXFileReference; fileEncoding = 4; lastKnownFileType = sourcecode.c.h; path = "UISlider+FlatUI.h"; sourceTree = "<group>"; };
		9BD5B9DF19E001DE002CFA2C /* UISlider+FlatUI.m */ = {isa = PBXFileReference; fileEncoding = 4; lastKnownFileType = sourcecode.c.objc; path = "UISlider+FlatUI.m"; sourceTree = "<group>"; };
		9BD5B9E019E001DE002CFA2C /* UIStepper+FlatUI.h */ = {isa = PBXFileReference; fileEncoding = 4; lastKnownFileType = sourcecode.c.h; path = "UIStepper+FlatUI.h"; sourceTree = "<group>"; };
		9BD5B9E119E001DE002CFA2C /* UIStepper+FlatUI.m */ = {isa = PBXFileReference; fileEncoding = 4; lastKnownFileType = sourcecode.c.objc; path = "UIStepper+FlatUI.m"; sourceTree = "<group>"; };
		9BD5B9E219E001DE002CFA2C /* UITabBar+FlatUI.h */ = {isa = PBXFileReference; fileEncoding = 4; lastKnownFileType = sourcecode.c.h; path = "UITabBar+FlatUI.h"; sourceTree = "<group>"; };
		9BD5B9E319E001DE002CFA2C /* UITabBar+FlatUI.m */ = {isa = PBXFileReference; fileEncoding = 4; lastKnownFileType = sourcecode.c.objc; path = "UITabBar+FlatUI.m"; sourceTree = "<group>"; };
		9BD5B9E419E001DE002CFA2C /* UITableViewCell+FlatUI.h */ = {isa = PBXFileReference; fileEncoding = 4; lastKnownFileType = sourcecode.c.h; path = "UITableViewCell+FlatUI.h"; sourceTree = "<group>"; };
		9BD5B9E519E001DE002CFA2C /* UITableViewCell+FlatUI.m */ = {isa = PBXFileReference; fileEncoding = 4; lastKnownFileType = sourcecode.c.objc; path = "UITableViewCell+FlatUI.m"; sourceTree = "<group>"; };
		9BD5B9E619E001DE002CFA2C /* UIToolbar+FlatUI.h */ = {isa = PBXFileReference; fileEncoding = 4; lastKnownFileType = sourcecode.c.h; path = "UIToolbar+FlatUI.h"; sourceTree = "<group>"; };
		9BD5B9E719E001DE002CFA2C /* UIToolbar+FlatUI.m */ = {isa = PBXFileReference; fileEncoding = 4; lastKnownFileType = sourcecode.c.objc; path = "UIToolbar+FlatUI.m"; sourceTree = "<group>"; };
		C8118F67F8D84934860AB42E /* libPods-Justap.a */ = {isa = PBXFileReference; explicitFileType = archive.ar; includeInIndex = 0; path = "libPods-Justap.a"; sourceTree = BUILT_PRODUCTS_DIR; };
/* End PBXFileReference section */

/* Begin PBXFrameworksBuildPhase section */
		9B44AD9019DFF538001CFDAE /* Frameworks */ = {
			isa = PBXFrameworksBuildPhase;
			buildActionMask = 2147483647;
			files = (
				9B2E89DA19E135F600BAFB3E /* FacebookSDK.framework in Frameworks */,
				65D9F920B7D0432BBD49B92A /* libPods-Justap.a in Frameworks */,
			);
			runOnlyForDeploymentPostprocessing = 0;
		};
/* End PBXFrameworksBuildPhase section */

/* Begin PBXGroup section */
		2F14A552ED94D097A66D67F4 /* Pods */ = {
			isa = PBXGroup;
			children = (
				5CA57A4C3BC504C7B53BD7C1 /* Pods-Justap.debug.xcconfig */,
				134DBDDA472D065C061225D3 /* Pods-Justap.release.xcconfig */,
			);
			name = Pods;
			sourceTree = "<group>";
		};
		9B2E89A719E0D07B00BAFB3E /* ScoreLabel */ = {
			isa = PBXGroup;
			children = (
				9B2E89C019E0D3CB00BAFB3E /* AAAScoreViewController.h */,
				9B2E89C119E0D3CB00BAFB3E /* AAAScoreViewController.m */,
				9B2E89C219E0D3CB00BAFB3E /* AAAScoreView.h */,
				9B2E89C319E0D3CB00BAFB3E /* AAAScoreView.m */,
				9B2E89C419E0D3CB00BAFB3E /* AAAMainPlayer.h */,
				9B2E89C519E0D3CB00BAFB3E /* AAAMainPlayer.m */,
				9B2E89C619E0D3CB00BAFB3E /* AAAGamificationManager.h */,
				9B2E89C719E0D3CB00BAFB3E /* AAAGamificationManager.m */,
				9B2E89CC19E0D3E200BAFB3E /* AAAAChievement.h */,
				9B2E89CD19E0D3E200BAFB3E /* AAAAChievement.m */,
				9B2E89CE19E0D3E200BAFB3E /* AAAAchievmentViewController.h */,
				9B2E89CF19E0D3E200BAFB3E /* AAAAchievmentViewController.m */,
				9B2E89D019E0D3E200BAFB3E /* AAAAchievementManager.h */,
				9B2E89D119E0D3E200BAFB3E /* AAAAchievementManager.m */,
			);
			name = ScoreLabel;
			sourceTree = "<group>";
		};
		9B44AD8A19DFF538001CFDAE = {
			isa = PBXGroup;
			children = (
				9B44AD9519DFF538001CFDAE /* Justap */,
				9B44AD9419DFF538001CFDAE /* Products */,
				F1E509B0C2234228A28FBB85 /* Frameworks */,
				2F14A552ED94D097A66D67F4 /* Pods */,
			);
			sourceTree = "<group>";
		};
		9B44AD9419DFF538001CFDAE /* Products */ = {
			isa = PBXGroup;
			children = (
				9B44AD9319DFF538001CFDAE /* Justap.app */,
			);
			name = Products;
			sourceTree = "<group>";
		};
		9B44AD9519DFF538001CFDAE /* Justap */ = {
			isa = PBXGroup;
			children = (
				9B44AD9A19DFF538001CFDAE /* AppDelegate.h */,
				9B44AD9B19DFF538001CFDAE /* AppDelegate.m */,
				9B44AD9D19DFF538001CFDAE /* ViewController.h */,
				9B44AD9E19DFF538001CFDAE /* ViewController.m */,
				9B44ADA019DFF538001CFDAE /* Main.storyboard */,
				9B2E89A719E0D07B00BAFB3E /* ScoreLabel */,
				9B44ADBF19DFF947001CFDAE /* ShineLabel */,
				9BD5B9BF19E001DE002CFA2C /* Button */,
				9B44ADA319DFF538001CFDAE /* Images.xcassets */,
				9B44ADA519DFF538001CFDAE /* LaunchScreen.xib */,
				9B44AD9619DFF538001CFDAE /* Supporting Files */,
			);
			path = Justap;
			sourceTree = "<group>";
		};
		9B44AD9619DFF538001CFDAE /* Supporting Files */ = {
			isa = PBXGroup;
			children = (
				9B44AD9719DFF538001CFDAE /* Info.plist */,
				9B44AD9819DFF538001CFDAE /* main.m */,
			);
			name = "Supporting Files";
			sourceTree = "<group>";
		};
		9B44ADBF19DFF947001CFDAE /* ShineLabel */ = {
			isa = PBXGroup;
			children = (
				9B44ADBC19DFF943001CFDAE /* RQShineLabel.h */,
				9B44ADBD19DFF943001CFDAE /* RQShineLabel.m */,
			);
			name = ShineLabel;
			sourceTree = "<group>";
		};
		9BD5B9BF19E001DE002CFA2C /* Button */ = {
			isa = PBXGroup;
			children = (
				9BD5B9C019E001DE002CFA2C /* ios */,
			);
			name = Button;
			path = Classes;
			sourceTree = "<group>";
		};
		9BD5B9C019E001DE002CFA2C /* ios */ = {
			isa = PBXGroup;
			children = (
				9BD5B9C119E001DE002CFA2C /* FlatUIKit.h */,
				9BD5B9C219E001DE002CFA2C /* FUIAlertView.h */,
				9BD5B9C319E001DE002CFA2C /* FUIAlertView.m */,
				9BD5B9C419E001DE002CFA2C /* FUIButton.h */,
				9BD5B9C519E001DE002CFA2C /* FUIButton.m */,
				9BD5B9C619E001DE002CFA2C /* FUICellBackgroundView.h */,
				9BD5B9C719E001DE002CFA2C /* FUICellBackgroundView.m */,
				9BD5B9C819E001DE002CFA2C /* FUIPopoverBackgroundView.h */,
				9BD5B9C919E001DE002CFA2C /* FUIPopoverBackgroundView.m */,
				9BD5B9CA19E001DE002CFA2C /* FUISegmentedControl.h */,
				9BD5B9CB19E001DE002CFA2C /* FUISegmentedControl.m */,
				9BD5B9CC19E001DE002CFA2C /* FUISwitch.h */,
				9BD5B9CD19E001DE002CFA2C /* FUISwitch.m */,
				9BD5B9CE19E001DE002CFA2C /* FUITextField.h */,
				9BD5B9CF19E001DE002CFA2C /* FUITextField.m */,
				9BD5B9D019E001DE002CFA2C /* UIBarButtonItem+FlatUI.h */,
				9BD5B9D119E001DE002CFA2C /* UIBarButtonItem+FlatUI.m */,
				9BD5B9D219E001DE002CFA2C /* UIColor+FlatUI.h */,
				9BD5B9D319E001DE002CFA2C /* UIColor+FlatUI.m */,
				9BD5B9D419E001DE002CFA2C /* UIFont+FlatUI.h */,
				9BD5B9D519E001DE002CFA2C /* UIFont+FlatUI.m */,
				9BD5B9D619E001DE002CFA2C /* UIImage+FlatUI.h */,
				9BD5B9D719E001DE002CFA2C /* UIImage+FlatUI.m */,
				9BD5B9D819E001DE002CFA2C /* UINavigationBar+FlatUI.h */,
				9BD5B9D919E001DE002CFA2C /* UINavigationBar+FlatUI.m */,
				9BD5B9DA19E001DE002CFA2C /* UIPopoverController+FlatUI.h */,
				9BD5B9DB19E001DE002CFA2C /* UIPopoverController+FlatUI.m */,
				9BD5B9DC19E001DE002CFA2C /* UIProgressView+FlatUI.h */,
				9BD5B9DD19E001DE002CFA2C /* UIProgressView+FlatUI.m */,
				9BD5B9DE19E001DE002CFA2C /* UISlider+FlatUI.h */,
				9BD5B9DF19E001DE002CFA2C /* UISlider+FlatUI.m */,
				9BD5B9E019E001DE002CFA2C /* UIStepper+FlatUI.h */,
				9BD5B9E119E001DE002CFA2C /* UIStepper+FlatUI.m */,
				9BD5B9E219E001DE002CFA2C /* UITabBar+FlatUI.h */,
				9BD5B9E319E001DE002CFA2C /* UITabBar+FlatUI.m */,
				9BD5B9E419E001DE002CFA2C /* UITableViewCell+FlatUI.h */,
				9BD5B9E519E001DE002CFA2C /* UITableViewCell+FlatUI.m */,
				9BD5B9E619E001DE002CFA2C /* UIToolbar+FlatUI.h */,
				9BD5B9E719E001DE002CFA2C /* UIToolbar+FlatUI.m */,
			);
			path = ios;
			sourceTree = "<group>";
		};
		F1E509B0C2234228A28FBB85 /* Frameworks */ = {
			isa = PBXGroup;
			children = (
				9B2E89D919E135F600BAFB3E /* FacebookSDK.framework */,
				C8118F67F8D84934860AB42E /* libPods-Justap.a */,
			);
			name = Frameworks;
			sourceTree = "<group>";
		};
/* End PBXGroup section */

/* Begin PBXNativeTarget section */
		9B44AD9219DFF538001CFDAE /* Justap */ = {
			isa = PBXNativeTarget;
			buildConfigurationList = 9B44ADB619DFF539001CFDAE /* Build configuration list for PBXNativeTarget "Justap" */;
			buildPhases = (
				F7EDC270D34F4E3AAA50E22E /* Check Pods Manifest.lock */,
				9B44AD8F19DFF538001CFDAE /* Sources */,
				9B44AD9019DFF538001CFDAE /* Frameworks */,
				9B44AD9119DFF538001CFDAE /* Resources */,
				39B8086A3AFD4D139114FACC /* Copy Pods Resources */,
			);
			buildRules = (
			);
			dependencies = (
			);
			name = Justap;
			productName = Justap;
			productReference = 9B44AD9319DFF538001CFDAE /* Justap.app */;
			productType = "com.apple.product-type.application";
		};
/* End PBXNativeTarget section */

/* Begin PBXProject section */
		9B44AD8B19DFF538001CFDAE /* Project object */ = {
			isa = PBXProject;
			attributes = {
				LastUpgradeCheck = 0600;
				ORGANIZATIONNAME = Mingyang;
				TargetAttributes = {
					9B44AD9219DFF538001CFDAE = {
						CreatedOnToolsVersion = 6.0;
						DevelopmentTeam = L3EALB2AMW;
					};
				};
			};
			buildConfigurationList = 9B44AD8E19DFF538001CFDAE /* Build configuration list for PBXProject "Justap" */;
			compatibilityVersion = "Xcode 3.2";
			developmentRegion = English;
			hasScannedForEncodings = 0;
			knownRegions = (
				en,
				Base,
			);
			mainGroup = 9B44AD8A19DFF538001CFDAE;
			productRefGroup = 9B44AD9419DFF538001CFDAE /* Products */;
			projectDirPath = "";
			projectRoot = "";
			targets = (
				9B44AD9219DFF538001CFDAE /* Justap */,
			);
		};
/* End PBXProject section */

/* Begin PBXResourcesBuildPhase section */
		9B44AD9119DFF538001CFDAE /* Resources */ = {
			isa = PBXResourcesBuildPhase;
			buildActionMask = 2147483647;
			files = (
				9B44ADA219DFF538001CFDAE /* Main.storyboard in Resources */,
				9B44ADA719DFF538001CFDAE /* LaunchScreen.xib in Resources */,
				9B44ADA419DFF538001CFDAE /* Images.xcassets in Resources */,
			);
			runOnlyForDeploymentPostprocessing = 0;
		};
/* End PBXResourcesBuildPhase section */

/* Begin PBXShellScriptBuildPhase section */
		39B8086A3AFD4D139114FACC /* Copy Pods Resources */ = {
			isa = PBXShellScriptBuildPhase;
			buildActionMask = 2147483647;
			files = (
			);
			inputPaths = (
			);
			name = "Copy Pods Resources";
			outputPaths = (
			);
			runOnlyForDeploymentPostprocessing = 0;
			shellPath = /bin/sh;
			shellScript = "\"${SRCROOT}/Pods/Target Support Files/Pods-Justap/Pods-Justap-resources.sh\"\n";
			showEnvVarsInLog = 0;
		};
		F7EDC270D34F4E3AAA50E22E /* Check Pods Manifest.lock */ = {
			isa = PBXShellScriptBuildPhase;
			buildActionMask = 2147483647;
			files = (
			);
			inputPaths = (
			);
			name = "Check Pods Manifest.lock";
			outputPaths = (
			);
			runOnlyForDeploymentPostprocessing = 0;
			shellPath = /bin/sh;
			shellScript = "diff \"${PODS_ROOT}/../Podfile.lock\" \"${PODS_ROOT}/Manifest.lock\" > /dev/null\nif [[ $? != 0 ]] ; then\n    cat << EOM\nerror: The sandbox is not in sync with the Podfile.lock. Run 'pod install' or update your CocoaPods installation.\nEOM\n    exit 1\nfi\n";
			showEnvVarsInLog = 0;
		};
/* End PBXShellScriptBuildPhase section */

/* Begin PBXSourcesBuildPhase section */
		9B44AD8F19DFF538001CFDAE /* Sources */ = {
			isa = PBXSourcesBuildPhase;
			buildActionMask = 2147483647;
			files = (
				9B2E89D319E0D3E200BAFB3E /* AAAAchievmentViewController.m in Sources */,
				9BD5B9ED19E001DE002CFA2C /* FUISwitch.m in Sources */,
				9B2E89CB19E0D3CB00BAFB3E /* AAAGamificationManager.m in Sources */,
				9B2E89C919E0D3CB00BAFB3E /* AAAScoreView.m in Sources */,
				9BD5B9F419E001DE002CFA2C /* UIPopoverController+FlatUI.m in Sources */,
				9BD5B9F819E001DE002CFA2C /* UITabBar+FlatUI.m in Sources */,
				9BD5B9F519E001DE002CFA2C /* UIProgressView+FlatUI.m in Sources */,
				9BD5B9F119E001DE002CFA2C /* UIFont+FlatUI.m in Sources */,
				9BD5B9E819E001DE002CFA2C /* FUIAlertView.m in Sources */,
				9B44AD9F19DFF538001CFDAE /* ViewController.m in Sources */,
				9BD5B9F019E001DE002CFA2C /* UIColor+FlatUI.m in Sources */,
				9BD5B9EE19E001DE002CFA2C /* FUITextField.m in Sources */,
				9BD5B9FA19E001DE002CFA2C /* UIToolbar+FlatUI.m in Sources */,
				9BD5B9F319E001DE002CFA2C /* UINavigationBar+FlatUI.m in Sources */,
				9BD5B9E919E001DE002CFA2C /* FUIButton.m in Sources */,
				9BD5B9F619E001DE002CFA2C /* UISlider+FlatUI.m in Sources */,
				9B2E89D219E0D3E200BAFB3E /* AAAAChievement.m in Sources */,
				9BD5B9F919E001DE002CFA2C /* UITableViewCell+FlatUI.m in Sources */,
				9BD5B9EF19E001DE002CFA2C /* UIBarButtonItem+FlatUI.m in Sources */,
				9BD5B9EA19E001DE002CFA2C /* FUICellBackgroundView.m in Sources */,
				9B44AD9C19DFF538001CFDAE /* AppDelegate.m in Sources */,
				9B2E89C819E0D3CB00BAFB3E /* AAAScoreViewController.m in Sources */,
				9BD5B9F719E001DE002CFA2C /* UIStepper+FlatUI.m in Sources */,
				9B2E89D419E0D3E200BAFB3E /* AAAAchievementManager.m in Sources */,
				9B44AD9919DFF538001CFDAE /* main.m in Sources */,
				9BD5B9EC19E001DE002CFA2C /* FUISegmentedControl.m in Sources */,
				9BD5B9F219E001DE002CFA2C /* UIImage+FlatUI.m in Sources */,
				9B44ADBE19DFF943001CFDAE /* RQShineLabel.m in Sources */,
				9BD5B9EB19E001DE002CFA2C /* FUIPopoverBackgroundView.m in Sources */,
				9B2E89CA19E0D3CB00BAFB3E /* AAAMainPlayer.m in Sources */,
			);
			runOnlyForDeploymentPostprocessing = 0;
		};
/* End PBXSourcesBuildPhase section */

/* Begin PBXVariantGroup section */
		9B44ADA019DFF538001CFDAE /* Main.storyboard */ = {
			isa = PBXVariantGroup;
			children = (
				9B44ADA119DFF538001CFDAE /* Base */,
			);
			name = Main.storyboard;
			sourceTree = "<group>";
		};
		9B44ADA519DFF538001CFDAE /* LaunchScreen.xib */ = {
			isa = PBXVariantGroup;
			children = (
				9B44ADA619DFF538001CFDAE /* Base */,
			);
			name = LaunchScreen.xib;
			sourceTree = "<group>";
		};
/* End PBXVariantGroup section */

/* Begin XCBuildConfiguration section */
		9B44ADB419DFF539001CFDAE /* Debug */ = {
			isa = XCBuildConfiguration;
			buildSettings = {
				ALWAYS_SEARCH_USER_PATHS = NO;
				CLANG_CXX_LANGUAGE_STANDARD = "gnu++0x";
				CLANG_CXX_LIBRARY = "libc++";
				CLANG_ENABLE_MODULES = YES;
				CLANG_ENABLE_OBJC_ARC = YES;
				CLANG_WARN_BOOL_CONVERSION = YES;
				CLANG_WARN_CONSTANT_CONVERSION = YES;
				CLANG_WARN_DIRECT_OBJC_ISA_USAGE = YES_ERROR;
				CLANG_WARN_EMPTY_BODY = YES;
				CLANG_WARN_ENUM_CONVERSION = YES;
				CLANG_WARN_INT_CONVERSION = YES;
				CLANG_WARN_OBJC_ROOT_CLASS = YES_ERROR;
				CLANG_WARN_UNREACHABLE_CODE = YES;
				CLANG_WARN__DUPLICATE_METHOD_MATCH = YES;
				"CODE_SIGN_IDENTITY[sdk=iphoneos*]" = "iPhone Developer";
				COPY_PHASE_STRIP = NO;
				ENABLE_STRICT_OBJC_MSGSEND = YES;
				GCC_C_LANGUAGE_STANDARD = gnu99;
				GCC_DYNAMIC_NO_PIC = NO;
				GCC_OPTIMIZATION_LEVEL = 0;
				GCC_PREPROCESSOR_DEFINITIONS = (
					"DEBUG=1",
					"$(inherited)",
				);
				GCC_SYMBOLS_PRIVATE_EXTERN = NO;
				GCC_WARN_64_TO_32_BIT_CONVERSION = YES;
				GCC_WARN_ABOUT_RETURN_TYPE = YES_ERROR;
				GCC_WARN_UNDECLARED_SELECTOR = YES;
				GCC_WARN_UNINITIALIZED_AUTOS = YES_AGGRESSIVE;
				GCC_WARN_UNUSED_FUNCTION = YES;
				GCC_WARN_UNUSED_VARIABLE = YES;
				IPHONEOS_DEPLOYMENT_TARGET = 8.0;
				MTL_ENABLE_DEBUG_INFO = YES;
				ONLY_ACTIVE_ARCH = YES;
				SDKROOT = iphoneos;
				TARGETED_DEVICE_FAMILY = "1,2";
			};
			name = Debug;
		};
		9B44ADB519DFF539001CFDAE /* Release */ = {
			isa = XCBuildConfiguration;
			buildSettings = {
				ALWAYS_SEARCH_USER_PATHS = NO;
				CLANG_CXX_LANGUAGE_STANDARD = "gnu++0x";
				CLANG_CXX_LIBRARY = "libc++";
				CLANG_ENABLE_MODULES = YES;
				CLANG_ENABLE_OBJC_ARC = YES;
				CLANG_WARN_BOOL_CONVERSION = YES;
				CLANG_WARN_CONSTANT_CONVERSION = YES;
				CLANG_WARN_DIRECT_OBJC_ISA_USAGE = YES_ERROR;
				CLANG_WARN_EMPTY_BODY = YES;
				CLANG_WARN_ENUM_CONVERSION = YES;
				CLANG_WARN_INT_CONVERSION = YES;
				CLANG_WARN_OBJC_ROOT_CLASS = YES_ERROR;
				CLANG_WARN_UNREACHABLE_CODE = YES;
				CLANG_WARN__DUPLICATE_METHOD_MATCH = YES;
				"CODE_SIGN_IDENTITY[sdk=iphoneos*]" = "iPhone Developer";
				COPY_PHASE_STRIP = YES;
				ENABLE_NS_ASSERTIONS = NO;
				ENABLE_STRICT_OBJC_MSGSEND = YES;
				GCC_C_LANGUAGE_STANDARD = gnu99;
				GCC_WARN_64_TO_32_BIT_CONVERSION = YES;
				GCC_WARN_ABOUT_RETURN_TYPE = YES_ERROR;
				GCC_WARN_UNDECLARED_SELECTOR = YES;
				GCC_WARN_UNINITIALIZED_AUTOS = YES_AGGRESSIVE;
				GCC_WARN_UNUSED_FUNCTION = YES;
				GCC_WARN_UNUSED_VARIABLE = YES;
				IPHONEOS_DEPLOYMENT_TARGET = 8.0;
				MTL_ENABLE_DEBUG_INFO = NO;
				SDKROOT = iphoneos;
				TARGETED_DEVICE_FAMILY = "1,2";
				VALIDATE_PRODUCT = YES;
			};
			name = Release;
		};
		9B44ADB719DFF539001CFDAE /* Debug */ = {
			isa = XCBuildConfiguration;
			baseConfigurationReference = 5CA57A4C3BC504C7B53BD7C1 /* Pods-Justap.debug.xcconfig */;
			buildSettings = {
				ASSETCATALOG_COMPILER_APPICON_NAME = AppIcon;
				CODE_SIGN_IDENTITY = "iPhone Developer";
				"CODE_SIGN_IDENTITY[sdk=iphoneos*]" = "iPhone Developer";
				FRAMEWORK_SEARCH_PATHS = (
					"$(inherited)",
					"$(PROJECT_DIR)",
				);
				INFOPLIST_FILE = Justap/Info.plist;
				IPHONEOS_DEPLOYMENT_TARGET = 7.1;
				LD_RUNPATH_SEARCH_PATHS = "$(inherited) @executable_path/Frameworks";
				PRODUCT_NAME = "$(TARGET_NAME)";
				PROVISIONING_PROFILE = "";
			};
			name = Debug;
		};
		9B44ADB819DFF539001CFDAE /* Release */ = {
			isa = XCBuildConfiguration;
			baseConfigurationReference = 134DBDDA472D065C061225D3 /* Pods-Justap.release.xcconfig */;
			buildSettings = {
				ASSETCATALOG_COMPILER_APPICON_NAME = AppIcon;
				CODE_SIGN_IDENTITY = "iPhone Developer";
				"CODE_SIGN_IDENTITY[sdk=iphoneos*]" = "iPhone Developer";
				FRAMEWORK_SEARCH_PATHS = (
					"$(inherited)",
					"$(PROJECT_DIR)",
				);
				INFOPLIST_FILE = Justap/Info.plist;
				IPHONEOS_DEPLOYMENT_TARGET = 7.1;
				LD_RUNPATH_SEARCH_PATHS = "$(inherited) @executable_path/Frameworks";
				PRODUCT_NAME = "$(TARGET_NAME)";
				PROVISIONING_PROFILE = "";
			};
			name = Release;
		};
/* End XCBuildConfiguration section */

/* Begin XCConfigurationList section */
		9B44AD8E19DFF538001CFDAE /* Build configuration list for PBXProject "Justap" */ = {
			isa = XCConfigurationList;
			buildConfigurations = (
				9B44ADB419DFF539001CFDAE /* Debug */,
				9B44ADB519DFF539001CFDAE /* Release */,
			);
			defaultConfigurationIsVisible = 0;
			defaultConfigurationName = Release;
		};
		9B44ADB619DFF539001CFDAE /* Build configuration list for PBXNativeTarget "Justap" */ = {
			isa = XCConfigurationList;
			buildConfigurations = (
				9B44ADB719DFF539001CFDAE /* Debug */,
				9B44ADB819DFF539001CFDAE /* Release */,
			);
			defaultConfigurationIsVisible = 0;
			defaultConfigurationName = Release;
		};
/* End XCConfigurationList section */
	};
	rootObject = 9B44AD8B19DFF538001CFDAE /* Project object */;
}
