<?xml version="1.0" encoding="UTF-8"?>
<!DOCTYPE plist PUBLIC "-//Apple//DTD PLIST 1.0//EN" "http://www.apple.com/DTDs/PropertyList-1.0.dtd">
<plist version="1.0">
<dict>
	<key>archiveVersion</key>
	<string>1</string>
	<key>classes</key>
	<dict/>
	<key>objectVersion</key>
	<string>46</string>
	<key>objects</key>
	<dict>
		<key>134DBDDA472D065C061225D3</key>
		<dict>
			<key>includeInIndex</key>
			<string>1</string>
			<key>isa</key>
			<string>PBXFileReference</string>
			<key>lastKnownFileType</key>
			<string>text.xcconfig</string>
			<key>name</key>
			<string>Pods-Justap.release.xcconfig</string>
			<key>path</key>
			<string>Pods/Target Support Files/Pods-Justap/Pods-Justap.release.xcconfig</string>
			<key>sourceTree</key>
			<string>&lt;group&gt;</string>
		</dict>
		<key>2F14A552ED94D097A66D67F4</key>
		<dict>
			<key>children</key>
			<array>
				<string>5CA57A4C3BC504C7B53BD7C1</string>
				<string>134DBDDA472D065C061225D3</string>
			</array>
			<key>isa</key>
			<string>PBXGroup</string>
			<key>name</key>
			<string>Pods</string>
			<key>sourceTree</key>
			<string>&lt;group&gt;</string>
		</dict>
		<key>39B8086A3AFD4D139114FACC</key>
		<dict>
			<key>buildActionMask</key>
			<string>2147483647</string>
			<key>files</key>
			<array/>
			<key>inputPaths</key>
			<array/>
			<key>isa</key>
			<string>PBXShellScriptBuildPhase</string>
			<key>name</key>
			<string>Copy Pods Resources</string>
			<key>outputPaths</key>
			<array/>
			<key>runOnlyForDeploymentPostprocessing</key>
			<string>0</string>
			<key>shellPath</key>
			<string>/bin/sh</string>
			<key>shellScript</key>
			<string>"${SRCROOT}/Pods/Target Support Files/Pods-Justap/Pods-Justap-resources.sh"
</string>
			<key>showEnvVarsInLog</key>
			<string>0</string>
		</dict>
		<key>5CA57A4C3BC504C7B53BD7C1</key>
		<dict>
			<key>includeInIndex</key>
			<string>1</string>
			<key>isa</key>
			<string>PBXFileReference</string>
			<key>lastKnownFileType</key>
			<string>text.xcconfig</string>
			<key>name</key>
			<string>Pods-Justap.debug.xcconfig</string>
			<key>path</key>
			<string>Pods/Target Support Files/Pods-Justap/Pods-Justap.debug.xcconfig</string>
			<key>sourceTree</key>
			<string>&lt;group&gt;</string>
		</dict>
		<key>65D9F920B7D0432BBD49B92A</key>
		<dict>
			<key>fileRef</key>
			<string>C8118F67F8D84934860AB42E</string>
			<key>isa</key>
			<string>PBXBuildFile</string>
		</dict>
		<key>9B44AD8A19DFF538001CFDAE</key>
		<dict>
			<key>children</key>
			<array>
				<string>9B44AD9519DFF538001CFDAE</string>
				<string>9B44ADAF19DFF538001CFDAE</string>
				<string>9B44AD9419DFF538001CFDAE</string>
				<string>F1E509B0C2234228A28FBB85</string>
				<string>2F14A552ED94D097A66D67F4</string>
			</array>
			<key>isa</key>
			<string>PBXGroup</string>
			<key>sourceTree</key>
			<string>&lt;group&gt;</string>
		</dict>
		<key>9B44AD8B19DFF538001CFDAE</key>
		<dict>
			<key>attributes</key>
			<dict>
				<key>LastUpgradeCheck</key>
				<string>0600</string>
				<key>ORGANIZATIONNAME</key>
				<string>Mingyang</string>
				<key>TargetAttributes</key>
				<dict>
					<key>9B44AD9219DFF538001CFDAE</key>
					<dict>
						<key>CreatedOnToolsVersion</key>
						<string>6.0</string>
					</dict>
					<key>9B44ADAB19DFF538001CFDAE</key>
					<dict>
						<key>CreatedOnToolsVersion</key>
						<string>6.0</string>
						<key>TestTargetID</key>
						<string>9B44AD9219DFF538001CFDAE</string>
					</dict>
				</dict>
			</dict>
			<key>buildConfigurationList</key>
			<string>9B44AD8E19DFF538001CFDAE</string>
			<key>compatibilityVersion</key>
			<string>Xcode 3.2</string>
			<key>developmentRegion</key>
			<string>English</string>
			<key>hasScannedForEncodings</key>
			<string>0</string>
			<key>isa</key>
			<string>PBXProject</string>
			<key>knownRegions</key>
			<array>
				<string>en</string>
				<string>Base</string>
			</array>
			<key>mainGroup</key>
			<string>9B44AD8A19DFF538001CFDAE</string>
			<key>productRefGroup</key>
			<string>9B44AD9419DFF538001CFDAE</string>
			<key>projectDirPath</key>
			<string></string>
			<key>projectReferences</key>
			<array/>
			<key>projectRoot</key>
			<string></string>
			<key>targets</key>
			<array>
				<string>9B44AD9219DFF538001CFDAE</string>
				<string>9B44ADAB19DFF538001CFDAE</string>
			</array>
		</dict>
		<key>9B44AD8E19DFF538001CFDAE</key>
		<dict>
			<key>buildConfigurations</key>
			<array>
				<string>9B44ADB419DFF539001CFDAE</string>
				<string>9B44ADB519DFF539001CFDAE</string>
			</array>
			<key>defaultConfigurationIsVisible</key>
			<string>0</string>
			<key>defaultConfigurationName</key>
			<string>Release</string>
			<key>isa</key>
			<string>XCConfigurationList</string>
		</dict>
		<key>9B44AD8F19DFF538001CFDAE</key>
		<dict>
			<key>buildActionMask</key>
			<string>2147483647</string>
			<key>files</key>
			<array>
				<string>9BD5B9ED19E001DE002CFA2C</string>
				<string>9BD5B9F419E001DE002CFA2C</string>
				<string>9BD5B9F819E001DE002CFA2C</string>
				<string>9BD5B9F519E001DE002CFA2C</string>
				<string>9BD5B9F119E001DE002CFA2C</string>
				<string>9BD5B9E819E001DE002CFA2C</string>
				<string>9B44AD9F19DFF538001CFDAE</string>
				<string>9BD5B9F019E001DE002CFA2C</string>
				<string>9BD5B9EE19E001DE002CFA2C</string>
				<string>9BD5B9FA19E001DE002CFA2C</string>
				<string>9BD5B9F319E001DE002CFA2C</string>
				<string>9BD5B9E919E001DE002CFA2C</string>
				<string>9BD5B9F619E001DE002CFA2C</string>
				<string>9BD5B9F919E001DE002CFA2C</string>
				<string>9BD5B9EF19E001DE002CFA2C</string>
				<string>9BD5B9EA19E001DE002CFA2C</string>
				<string>9B44AD9C19DFF538001CFDAE</string>
				<string>9BD5B9F719E001DE002CFA2C</string>
				<string>9B44AD9919DFF538001CFDAE</string>
				<string>9BD5B9EC19E001DE002CFA2C</string>
				<string>9BD5B9F219E001DE002CFA2C</string>
				<string>9B44ADBE19DFF943001CFDAE</string>
				<string>9BD5B9EB19E001DE002CFA2C</string>
			</array>
			<key>isa</key>
			<string>PBXSourcesBuildPhase</string>
			<key>runOnlyForDeploymentPostprocessing</key>
			<string>0</string>
		</dict>
		<key>9B44AD9019DFF538001CFDAE</key>
		<dict>
			<key>buildActionMask</key>
			<string>2147483647</string>
			<key>files</key>
			<array>
				<string>65D9F920B7D0432BBD49B92A</string>
			</array>
			<key>isa</key>
			<string>PBXFrameworksBuildPhase</string>
			<key>runOnlyForDeploymentPostprocessing</key>
			<string>0</string>
		</dict>
		<key>9B44AD9119DFF538001CFDAE</key>
		<dict>
			<key>buildActionMask</key>
			<string>2147483647</string>
			<key>files</key>
			<array>
				<string>9B44ADA219DFF538001CFDAE</string>
				<string>9BD5B9BE19DFFE8B002CFA2C</string>
				<string>9B44ADA719DFF538001CFDAE</string>
				<string>9B44ADA419DFF538001CFDAE</string>
			</array>
			<key>isa</key>
			<string>PBXResourcesBuildPhase</string>
			<key>runOnlyForDeploymentPostprocessing</key>
			<string>0</string>
		</dict>
		<key>9B44AD9219DFF538001CFDAE</key>
		<dict>
			<key>buildConfigurationList</key>
			<string>9B44ADB619DFF539001CFDAE</string>
			<key>buildPhases</key>
			<array>
				<string>F7EDC270D34F4E3AAA50E22E</string>
				<string>9B44AD8F19DFF538001CFDAE</string>
				<string>9B44AD9019DFF538001CFDAE</string>
				<string>9B44AD9119DFF538001CFDAE</string>
				<string>39B8086A3AFD4D139114FACC</string>
			</array>
			<key>buildRules</key>
			<array/>
			<key>dependencies</key>
			<array/>
			<key>isa</key>
			<string>PBXNativeTarget</string>
			<key>name</key>
			<string>Justap</string>
			<key>productName</key>
			<string>Justap</string>
			<key>productReference</key>
			<string>9B44AD9319DFF538001CFDAE</string>
			<key>productType</key>
			<string>com.apple.product-type.application</string>
		</dict>
		<key>9B44AD9319DFF538001CFDAE</key>
		<dict>
			<key>explicitFileType</key>
			<string>wrapper.application</string>
			<key>includeInIndex</key>
			<string>0</string>
			<key>isa</key>
			<string>PBXFileReference</string>
			<key>path</key>
			<string>Justap.app</string>
			<key>sourceTree</key>
			<string>BUILT_PRODUCTS_DIR</string>
		</dict>
		<key>9B44AD9419DFF538001CFDAE</key>
		<dict>
			<key>children</key>
			<array>
				<string>9B44AD9319DFF538001CFDAE</string>
				<string>9B44ADAC19DFF538001CFDAE</string>
			</array>
			<key>isa</key>
			<string>PBXGroup</string>
			<key>name</key>
			<string>Products</string>
			<key>sourceTree</key>
			<string>&lt;group&gt;</string>
		</dict>
		<key>9B44AD9519DFF538001CFDAE</key>
		<dict>
			<key>children</key>
			<array>
				<string>9B44AD9A19DFF538001CFDAE</string>
				<string>9B44AD9B19DFF538001CFDAE</string>
				<string>9B44AD9D19DFF538001CFDAE</string>
				<string>9B44AD9E19DFF538001CFDAE</string>
				<string>9B44ADA019DFF538001CFDAE</string>
				<string>9BD5B9BF19E001DE002CFA2C</string>
				<string>9B44ADBF19DFF947001CFDAE</string>
				<string>9B44ADA319DFF538001CFDAE</string>
				<string>9BD5B9BD19DFFE8B002CFA2C</string>
				<string>9B44ADA519DFF538001CFDAE</string>
				<string>9B44AD9619DFF538001CFDAE</string>
			</array>
			<key>isa</key>
			<string>PBXGroup</string>
			<key>path</key>
			<string>Justap</string>
			<key>sourceTree</key>
			<string>&lt;group&gt;</string>
		</dict>
		<key>9B44AD9619DFF538001CFDAE</key>
		<dict>
			<key>children</key>
			<array>
				<string>9B44AD9719DFF538001CFDAE</string>
				<string>9B44AD9819DFF538001CFDAE</string>
			</array>
			<key>isa</key>
			<string>PBXGroup</string>
			<key>name</key>
			<string>Supporting Files</string>
			<key>sourceTree</key>
			<string>&lt;group&gt;</string>
		</dict>
		<key>9B44AD9719DFF538001CFDAE</key>
		<dict>
			<key>isa</key>
			<string>PBXFileReference</string>
			<key>lastKnownFileType</key>
			<string>text.plist.xml</string>
			<key>path</key>
			<string>Info.plist</string>
			<key>sourceTree</key>
			<string>&lt;group&gt;</string>
		</dict>
		<key>9B44AD9819DFF538001CFDAE</key>
		<dict>
			<key>isa</key>
			<string>PBXFileReference</string>
			<key>lastKnownFileType</key>
			<string>sourcecode.c.objc</string>
			<key>path</key>
			<string>main.m</string>
			<key>sourceTree</key>
			<string>&lt;group&gt;</string>
		</dict>
		<key>9B44AD9919DFF538001CFDAE</key>
		<dict>
			<key>fileRef</key>
			<string>9B44AD9819DFF538001CFDAE</string>
			<key>isa</key>
			<string>PBXBuildFile</string>
		</dict>
		<key>9B44AD9A19DFF538001CFDAE</key>
		<dict>
			<key>isa</key>
			<string>PBXFileReference</string>
			<key>lastKnownFileType</key>
			<string>sourcecode.c.h</string>
			<key>path</key>
			<string>AppDelegate.h</string>
			<key>sourceTree</key>
			<string>&lt;group&gt;</string>
		</dict>
		<key>9B44AD9B19DFF538001CFDAE</key>
		<dict>
			<key>isa</key>
			<string>PBXFileReference</string>
			<key>lastKnownFileType</key>
			<string>sourcecode.c.objc</string>
			<key>path</key>
			<string>AppDelegate.m</string>
			<key>sourceTree</key>
			<string>&lt;group&gt;</string>
		</dict>
		<key>9B44AD9C19DFF538001CFDAE</key>
		<dict>
			<key>fileRef</key>
			<string>9B44AD9B19DFF538001CFDAE</string>
			<key>isa</key>
			<string>PBXBuildFile</string>
		</dict>
		<key>9B44AD9D19DFF538001CFDAE</key>
		<dict>
			<key>isa</key>
			<string>PBXFileReference</string>
			<key>lastKnownFileType</key>
			<string>sourcecode.c.h</string>
			<key>path</key>
			<string>ViewController.h</string>
			<key>sourceTree</key>
			<string>&lt;group&gt;</string>
		</dict>
		<key>9B44AD9E19DFF538001CFDAE</key>
		<dict>
			<key>isa</key>
			<string>PBXFileReference</string>
			<key>lastKnownFileType</key>
			<string>sourcecode.c.objc</string>
			<key>path</key>
			<string>ViewController.m</string>
			<key>sourceTree</key>
			<string>&lt;group&gt;</string>
		</dict>
		<key>9B44AD9F19DFF538001CFDAE</key>
		<dict>
			<key>fileRef</key>
			<string>9B44AD9E19DFF538001CFDAE</string>
			<key>isa</key>
			<string>PBXBuildFile</string>
		</dict>
		<key>9B44ADA019DFF538001CFDAE</key>
		<dict>
			<key>children</key>
			<array>
				<string>9B44ADA119DFF538001CFDAE</string>
			</array>
			<key>isa</key>
			<string>PBXVariantGroup</string>
			<key>name</key>
			<string>Main.storyboard</string>
			<key>sourceTree</key>
			<string>&lt;group&gt;</string>
		</dict>
		<key>9B44ADA119DFF538001CFDAE</key>
		<dict>
			<key>isa</key>
			<string>PBXFileReference</string>
			<key>lastKnownFileType</key>
			<string>file.storyboard</string>
			<key>name</key>
			<string>Base</string>
			<key>path</key>
			<string>Base.lproj/Main.storyboard</string>
			<key>sourceTree</key>
			<string>&lt;group&gt;</string>
		</dict>
		<key>9B44ADA219DFF538001CFDAE</key>
		<dict>
			<key>fileRef</key>
			<string>9B44ADA019DFF538001CFDAE</string>
			<key>isa</key>
			<string>PBXBuildFile</string>
		</dict>
		<key>9B44ADA319DFF538001CFDAE</key>
		<dict>
			<key>isa</key>
			<string>PBXFileReference</string>
			<key>lastKnownFileType</key>
			<string>folder.assetcatalog</string>
			<key>path</key>
			<string>Images.xcassets</string>
			<key>sourceTree</key>
			<string>&lt;group&gt;</string>
		</dict>
		<key>9B44ADA419DFF538001CFDAE</key>
		<dict>
			<key>fileRef</key>
			<string>9B44ADA319DFF538001CFDAE</string>
			<key>isa</key>
			<string>PBXBuildFile</string>
		</dict>
		<key>9B44ADA519DFF538001CFDAE</key>
		<dict>
			<key>children</key>
			<array>
				<string>9B44ADA619DFF538001CFDAE</string>
			</array>
			<key>isa</key>
			<string>PBXVariantGroup</string>
			<key>name</key>
			<string>LaunchScreen.xib</string>
			<key>sourceTree</key>
			<string>&lt;group&gt;</string>
		</dict>
		<key>9B44ADA619DFF538001CFDAE</key>
		<dict>
			<key>isa</key>
			<string>PBXFileReference</string>
			<key>lastKnownFileType</key>
			<string>file.xib</string>
			<key>name</key>
			<string>Base</string>
			<key>path</key>
			<string>Base.lproj/LaunchScreen.xib</string>
			<key>sourceTree</key>
			<string>&lt;group&gt;</string>
		</dict>
		<key>9B44ADA719DFF538001CFDAE</key>
		<dict>
			<key>fileRef</key>
			<string>9B44ADA519DFF538001CFDAE</string>
			<key>isa</key>
			<string>PBXBuildFile</string>
		</dict>
		<key>9B44ADA819DFF538001CFDAE</key>
		<dict>
			<key>buildActionMask</key>
			<string>2147483647</string>
			<key>files</key>
			<array>
				<string>9B44ADB319DFF539001CFDAE</string>
			</array>
			<key>isa</key>
			<string>PBXSourcesBuildPhase</string>
			<key>runOnlyForDeploymentPostprocessing</key>
			<string>0</string>
		</dict>
		<key>9B44ADA919DFF538001CFDAE</key>
		<dict>
			<key>buildActionMask</key>
			<string>2147483647</string>
			<key>files</key>
			<array/>
			<key>isa</key>
			<string>PBXFrameworksBuildPhase</string>
			<key>runOnlyForDeploymentPostprocessing</key>
			<string>0</string>
		</dict>
		<key>9B44ADAA19DFF538001CFDAE</key>
		<dict>
			<key>buildActionMask</key>
			<string>2147483647</string>
			<key>files</key>
			<array/>
			<key>isa</key>
			<string>PBXResourcesBuildPhase</string>
			<key>runOnlyForDeploymentPostprocessing</key>
			<string>0</string>
		</dict>
		<key>9B44ADAB19DFF538001CFDAE</key>
		<dict>
			<key>buildConfigurationList</key>
			<string>9B44ADB919DFF539001CFDAE</string>
			<key>buildPhases</key>
			<array>
				<string>9B44ADA819DFF538001CFDAE</string>
				<string>9B44ADA919DFF538001CFDAE</string>
				<string>9B44ADAA19DFF538001CFDAE</string>
			</array>
			<key>buildRules</key>
			<array/>
			<key>dependencies</key>
			<array>
				<string>9B44ADAE19DFF538001CFDAE</string>
			</array>
			<key>isa</key>
			<string>PBXNativeTarget</string>
			<key>name</key>
			<string>JustapTests</string>
			<key>productName</key>
			<string>JustapTests</string>
			<key>productReference</key>
			<string>9B44ADAC19DFF538001CFDAE</string>
			<key>productType</key>
			<string>com.apple.product-type.bundle.unit-test</string>
		</dict>
		<key>9B44ADAC19DFF538001CFDAE</key>
		<dict>
			<key>explicitFileType</key>
			<string>wrapper.cfbundle</string>
			<key>includeInIndex</key>
			<string>0</string>
			<key>isa</key>
			<string>PBXFileReference</string>
			<key>path</key>
			<string>JustapTests.xctest</string>
			<key>sourceTree</key>
			<string>BUILT_PRODUCTS_DIR</string>
		</dict>
		<key>9B44ADAD19DFF538001CFDAE</key>
		<dict>
			<key>containerPortal</key>
			<string>9B44AD8B19DFF538001CFDAE</string>
			<key>isa</key>
			<string>PBXContainerItemProxy</string>
			<key>proxyType</key>
			<string>1</string>
			<key>remoteGlobalIDString</key>
			<string>9B44AD9219DFF538001CFDAE</string>
			<key>remoteInfo</key>
			<string>Justap</string>
		</dict>
		<key>9B44ADAE19DFF538001CFDAE</key>
		<dict>
			<key>isa</key>
			<string>PBXTargetDependency</string>
			<key>target</key>
			<string>9B44AD9219DFF538001CFDAE</string>
			<key>targetProxy</key>
			<string>9B44ADAD19DFF538001CFDAE</string>
		</dict>
		<key>9B44ADAF19DFF538001CFDAE</key>
		<dict>
			<key>children</key>
			<array>
				<string>9B44ADB219DFF539001CFDAE</string>
				<string>9B44ADB019DFF539001CFDAE</string>
			</array>
			<key>isa</key>
			<string>PBXGroup</string>
			<key>path</key>
			<string>JustapTests</string>
			<key>sourceTree</key>
			<string>&lt;group&gt;</string>
		</dict>
		<key>9B44ADB019DFF539001CFDAE</key>
		<dict>
			<key>children</key>
			<array>
				<string>9B44ADB119DFF539001CFDAE</string>
			</array>
			<key>isa</key>
			<string>PBXGroup</string>
			<key>name</key>
			<string>Supporting Files</string>
			<key>sourceTree</key>
			<string>&lt;group&gt;</string>
		</dict>
		<key>9B44ADB119DFF539001CFDAE</key>
		<dict>
			<key>isa</key>
			<string>PBXFileReference</string>
			<key>lastKnownFileType</key>
			<string>text.plist.xml</string>
			<key>path</key>
			<string>Info.plist</string>
			<key>sourceTree</key>
			<string>&lt;group&gt;</string>
		</dict>
		<key>9B44ADB219DFF539001CFDAE</key>
		<dict>
			<key>isa</key>
			<string>PBXFileReference</string>
			<key>lastKnownFileType</key>
			<string>sourcecode.c.objc</string>
			<key>path</key>
			<string>JustapTests.m</string>
			<key>sourceTree</key>
			<string>&lt;group&gt;</string>
		</dict>
		<key>9B44ADB319DFF539001CFDAE</key>
		<dict>
			<key>fileRef</key>
			<string>9B44ADB219DFF539001CFDAE</string>
			<key>isa</key>
			<string>PBXBuildFile</string>
		</dict>
		<key>9B44ADB419DFF539001CFDAE</key>
		<dict>
			<key>buildSettings</key>
			<dict>
				<key>ALWAYS_SEARCH_USER_PATHS</key>
				<string>NO</string>
				<key>CLANG_CXX_LANGUAGE_STANDARD</key>
				<string>gnu++0x</string>
				<key>CLANG_CXX_LIBRARY</key>
				<string>libc++</string>
				<key>CLANG_ENABLE_MODULES</key>
				<string>YES</string>
				<key>CLANG_ENABLE_OBJC_ARC</key>
				<string>YES</string>
				<key>CLANG_WARN_BOOL_CONVERSION</key>
				<string>YES</string>
				<key>CLANG_WARN_CONSTANT_CONVERSION</key>
				<string>YES</string>
				<key>CLANG_WARN_DIRECT_OBJC_ISA_USAGE</key>
				<string>YES_ERROR</string>
				<key>CLANG_WARN_EMPTY_BODY</key>
				<string>YES</string>
				<key>CLANG_WARN_ENUM_CONVERSION</key>
				<string>YES</string>
				<key>CLANG_WARN_INT_CONVERSION</key>
				<string>YES</string>
				<key>CLANG_WARN_OBJC_ROOT_CLASS</key>
				<string>YES_ERROR</string>
				<key>CLANG_WARN_UNREACHABLE_CODE</key>
				<string>YES</string>
				<key>CLANG_WARN__DUPLICATE_METHOD_MATCH</key>
				<string>YES</string>
				<key>CODE_SIGN_IDENTITY[sdk=iphoneos*]</key>
				<string>iPhone Developer</string>
				<key>COPY_PHASE_STRIP</key>
				<string>NO</string>
				<key>ENABLE_STRICT_OBJC_MSGSEND</key>
				<string>YES</string>
				<key>GCC_C_LANGUAGE_STANDARD</key>
				<string>gnu99</string>
				<key>GCC_DYNAMIC_NO_PIC</key>
				<string>NO</string>
				<key>GCC_OPTIMIZATION_LEVEL</key>
				<string>0</string>
				<key>GCC_PREPROCESSOR_DEFINITIONS</key>
				<array>
					<string>DEBUG=1</string>
					<string>$(inherited)</string>
				</array>
				<key>GCC_SYMBOLS_PRIVATE_EXTERN</key>
				<string>NO</string>
				<key>GCC_WARN_64_TO_32_BIT_CONVERSION</key>
				<string>YES</string>
				<key>GCC_WARN_ABOUT_RETURN_TYPE</key>
				<string>YES_ERROR</string>
				<key>GCC_WARN_UNDECLARED_SELECTOR</key>
				<string>YES</string>
				<key>GCC_WARN_UNINITIALIZED_AUTOS</key>
				<string>YES_AGGRESSIVE</string>
				<key>GCC_WARN_UNUSED_FUNCTION</key>
				<string>YES</string>
				<key>GCC_WARN_UNUSED_VARIABLE</key>
				<string>YES</string>
				<key>IPHONEOS_DEPLOYMENT_TARGET</key>
				<string>8.0</string>
				<key>MTL_ENABLE_DEBUG_INFO</key>
				<string>YES</string>
				<key>ONLY_ACTIVE_ARCH</key>
				<string>YES</string>
				<key>SDKROOT</key>
				<string>iphoneos</string>
				<key>TARGETED_DEVICE_FAMILY</key>
				<string>1,2</string>
			</dict>
			<key>isa</key>
			<string>XCBuildConfiguration</string>
			<key>name</key>
			<string>Debug</string>
		</dict>
		<key>9B44ADB519DFF539001CFDAE</key>
		<dict>
			<key>buildSettings</key>
			<dict>
				<key>ALWAYS_SEARCH_USER_PATHS</key>
				<string>NO</string>
				<key>CLANG_CXX_LANGUAGE_STANDARD</key>
				<string>gnu++0x</string>
				<key>CLANG_CXX_LIBRARY</key>
				<string>libc++</string>
				<key>CLANG_ENABLE_MODULES</key>
				<string>YES</string>
				<key>CLANG_ENABLE_OBJC_ARC</key>
				<string>YES</string>
				<key>CLANG_WARN_BOOL_CONVERSION</key>
				<string>YES</string>
				<key>CLANG_WARN_CONSTANT_CONVERSION</key>
				<string>YES</string>
				<key>CLANG_WARN_DIRECT_OBJC_ISA_USAGE</key>
				<string>YES_ERROR</string>
				<key>CLANG_WARN_EMPTY_BODY</key>
				<string>YES</string>
				<key>CLANG_WARN_ENUM_CONVERSION</key>
				<string>YES</string>
				<key>CLANG_WARN_INT_CONVERSION</key>
				<string>YES</string>
				<key>CLANG_WARN_OBJC_ROOT_CLASS</key>
				<string>YES_ERROR</string>
				<key>CLANG_WARN_UNREACHABLE_CODE</key>
				<string>YES</string>
				<key>CLANG_WARN__DUPLICATE_METHOD_MATCH</key>
				<string>YES</string>
				<key>CODE_SIGN_IDENTITY[sdk=iphoneos*]</key>
				<string>iPhone Developer</string>
				<key>COPY_PHASE_STRIP</key>
				<string>YES</string>
				<key>ENABLE_NS_ASSERTIONS</key>
				<string>NO</string>
				<key>ENABLE_STRICT_OBJC_MSGSEND</key>
				<string>YES</string>
				<key>GCC_C_LANGUAGE_STANDARD</key>
				<string>gnu99</string>
				<key>GCC_WARN_64_TO_32_BIT_CONVERSION</key>
				<string>YES</string>
				<key>GCC_WARN_ABOUT_RETURN_TYPE</key>
				<string>YES_ERROR</string>
				<key>GCC_WARN_UNDECLARED_SELECTOR</key>
				<string>YES</string>
				<key>GCC_WARN_UNINITIALIZED_AUTOS</key>
				<string>YES_AGGRESSIVE</string>
				<key>GCC_WARN_UNUSED_FUNCTION</key>
				<string>YES</string>
				<key>GCC_WARN_UNUSED_VARIABLE</key>
				<string>YES</string>
				<key>IPHONEOS_DEPLOYMENT_TARGET</key>
				<string>8.0</string>
				<key>MTL_ENABLE_DEBUG_INFO</key>
				<string>NO</string>
				<key>SDKROOT</key>
				<string>iphoneos</string>
				<key>TARGETED_DEVICE_FAMILY</key>
				<string>1,2</string>
				<key>VALIDATE_PRODUCT</key>
				<string>YES</string>
			</dict>
			<key>isa</key>
			<string>XCBuildConfiguration</string>
			<key>name</key>
			<string>Release</string>
		</dict>
		<key>9B44ADB619DFF539001CFDAE</key>
		<dict>
			<key>buildConfigurations</key>
			<array>
				<string>9B44ADB719DFF539001CFDAE</string>
				<string>9B44ADB819DFF539001CFDAE</string>
			</array>
			<key>defaultConfigurationIsVisible</key>
			<string>0</string>
			<key>defaultConfigurationName</key>
			<string>Release</string>
			<key>isa</key>
			<string>XCConfigurationList</string>
		</dict>
		<key>9B44ADB719DFF539001CFDAE</key>
		<dict>
			<key>baseConfigurationReference</key>
			<string>5CA57A4C3BC504C7B53BD7C1</string>
			<key>buildSettings</key>
			<dict>
				<key>ASSETCATALOG_COMPILER_APPICON_NAME</key>
				<string>AppIcon</string>
				<key>INFOPLIST_FILE</key>
				<string>Justap/Info.plist</string>
				<key>LD_RUNPATH_SEARCH_PATHS</key>
				<string>$(inherited) @executable_path/Frameworks</string>
				<key>PRODUCT_NAME</key>
				<string>$(TARGET_NAME)</string>
			</dict>
			<key>isa</key>
			<string>XCBuildConfiguration</string>
			<key>name</key>
			<string>Debug</string>
		</dict>
		<key>9B44ADB819DFF539001CFDAE</key>
		<dict>
			<key>baseConfigurationReference</key>
			<string>134DBDDA472D065C061225D3</string>
			<key>buildSettings</key>
			<dict>
				<key>ASSETCATALOG_COMPILER_APPICON_NAME</key>
				<string>AppIcon</string>
				<key>INFOPLIST_FILE</key>
				<string>Justap/Info.plist</string>
				<key>LD_RUNPATH_SEARCH_PATHS</key>
				<string>$(inherited) @executable_path/Frameworks</string>
				<key>PRODUCT_NAME</key>
				<string>$(TARGET_NAME)</string>
			</dict>
			<key>isa</key>
			<string>XCBuildConfiguration</string>
			<key>name</key>
			<string>Release</string>
		</dict>
		<key>9B44ADB919DFF539001CFDAE</key>
		<dict>
			<key>buildConfigurations</key>
			<array>
				<string>9B44ADBA19DFF539001CFDAE</string>
				<string>9B44ADBB19DFF539001CFDAE</string>
			</array>
			<key>defaultConfigurationIsVisible</key>
			<string>0</string>
			<key>defaultConfigurationName</key>
			<string>Release</string>
			<key>isa</key>
			<string>XCConfigurationList</string>
		</dict>
		<key>9B44ADBA19DFF539001CFDAE</key>
		<dict>
			<key>buildSettings</key>
			<dict>
				<key>BUNDLE_LOADER</key>
				<string>$(TEST_HOST)</string>
				<key>FRAMEWORK_SEARCH_PATHS</key>
				<array>
					<string>$(SDKROOT)/Developer/Library/Frameworks</string>
					<string>$(inherited)</string>
				</array>
				<key>GCC_PREPROCESSOR_DEFINITIONS</key>
				<array>
					<string>DEBUG=1</string>
					<string>$(inherited)</string>
				</array>
				<key>INFOPLIST_FILE</key>
				<string>JustapTests/Info.plist</string>
				<key>LD_RUNPATH_SEARCH_PATHS</key>
				<string>$(inherited) @executable_path/Frameworks @loader_path/Frameworks</string>
				<key>PRODUCT_NAME</key>
				<string>$(TARGET_NAME)</string>
				<key>TEST_HOST</key>
				<string>$(BUILT_PRODUCTS_DIR)/Justap.app/Justap</string>
			</dict>
			<key>isa</key>
			<string>XCBuildConfiguration</string>
			<key>name</key>
			<string>Debug</string>
		</dict>
		<key>9B44ADBB19DFF539001CFDAE</key>
		<dict>
			<key>buildSettings</key>
			<dict>
				<key>BUNDLE_LOADER</key>
				<string>$(TEST_HOST)</string>
				<key>FRAMEWORK_SEARCH_PATHS</key>
				<array>
					<string>$(SDKROOT)/Developer/Library/Frameworks</string>
					<string>$(inherited)</string>
				</array>
				<key>INFOPLIST_FILE</key>
				<string>JustapTests/Info.plist</string>
				<key>LD_RUNPATH_SEARCH_PATHS</key>
				<string>$(inherited) @executable_path/Frameworks @loader_path/Frameworks</string>
				<key>PRODUCT_NAME</key>
				<string>$(TARGET_NAME)</string>
				<key>TEST_HOST</key>
				<string>$(BUILT_PRODUCTS_DIR)/Justap.app/Justap</string>
			</dict>
			<key>isa</key>
			<string>XCBuildConfiguration</string>
			<key>name</key>
			<string>Release</string>
		</dict>
		<key>9B44ADBC19DFF943001CFDAE</key>
		<dict>
			<key>fileEncoding</key>
			<string>4</string>
			<key>isa</key>
			<string>PBXFileReference</string>
			<key>lastKnownFileType</key>
			<string>sourcecode.c.h</string>
			<key>path</key>
			<string>RQShineLabel.h</string>
			<key>sourceTree</key>
			<string>&lt;group&gt;</string>
		</dict>
		<key>9B44ADBD19DFF943001CFDAE</key>
		<dict>
			<key>fileEncoding</key>
			<string>4</string>
			<key>isa</key>
			<string>PBXFileReference</string>
			<key>lastKnownFileType</key>
			<string>sourcecode.c.objc</string>
			<key>path</key>
			<string>RQShineLabel.m</string>
			<key>sourceTree</key>
			<string>&lt;group&gt;</string>
		</dict>
		<key>9B44ADBE19DFF943001CFDAE</key>
		<dict>
			<key>fileRef</key>
			<string>9B44ADBD19DFF943001CFDAE</string>
			<key>isa</key>
			<string>PBXBuildFile</string>
		</dict>
		<key>9B44ADBF19DFF947001CFDAE</key>
		<dict>
			<key>children</key>
			<array>
				<string>9B44ADBC19DFF943001CFDAE</string>
				<string>9B44ADBD19DFF943001CFDAE</string>
			</array>
			<key>isa</key>
			<string>PBXGroup</string>
			<key>name</key>
			<string>ShineLabel</string>
			<key>sourceTree</key>
			<string>&lt;group&gt;</string>
		</dict>
		<key>9BD5B9BD19DFFE8B002CFA2C</key>
		<dict>
			<key>isa</key>
			<string>PBXFileReference</string>
			<key>lastKnownFileType</key>
			<string>image.jpeg</string>
			<key>path</key>
			<string>green.jpg</string>
			<key>sourceTree</key>
			<string>&lt;group&gt;</string>
		</dict>
		<key>9BD5B9BE19DFFE8B002CFA2C</key>
		<dict>
			<key>fileRef</key>
			<string>9BD5B9BD19DFFE8B002CFA2C</string>
			<key>isa</key>
			<string>PBXBuildFile</string>
		</dict>
		<key>9BD5B9BF19E001DE002CFA2C</key>
		<dict>
			<key>children</key>
			<array>
				<string>9BD5B9C019E001DE002CFA2C</string>
			</array>
			<key>isa</key>
			<string>PBXGroup</string>
			<key>name</key>
			<string>Button</string>
			<key>path</key>
			<string>Classes</string>
			<key>sourceTree</key>
			<string>&lt;group&gt;</string>
		</dict>
		<key>9BD5B9C019E001DE002CFA2C</key>
		<dict>
			<key>children</key>
			<array>
				<string>9BD5B9C119E001DE002CFA2C</string>
				<string>9BD5B9C219E001DE002CFA2C</string>
				<string>9BD5B9C319E001DE002CFA2C</string>
				<string>9BD5B9C419E001DE002CFA2C</string>
				<string>9BD5B9C519E001DE002CFA2C</string>
				<string>9BD5B9C619E001DE002CFA2C</string>
				<string>9BD5B9C719E001DE002CFA2C</string>
				<string>9BD5B9C819E001DE002CFA2C</string>
				<string>9BD5B9C919E001DE002CFA2C</string>
				<string>9BD5B9CA19E001DE002CFA2C</string>
				<string>9BD5B9CB19E001DE002CFA2C</string>
				<string>9BD5B9CC19E001DE002CFA2C</string>
				<string>9BD5B9CD19E001DE002CFA2C</string>
				<string>9BD5B9CE19E001DE002CFA2C</string>
				<string>9BD5B9CF19E001DE002CFA2C</string>
				<string>9BD5B9D019E001DE002CFA2C</string>
				<string>9BD5B9D119E001DE002CFA2C</string>
				<string>9BD5B9D219E001DE002CFA2C</string>
				<string>9BD5B9D319E001DE002CFA2C</string>
				<string>9BD5B9D419E001DE002CFA2C</string>
				<string>9BD5B9D519E001DE002CFA2C</string>
				<string>9BD5B9D619E001DE002CFA2C</string>
				<string>9BD5B9D719E001DE002CFA2C</string>
				<string>9BD5B9D819E001DE002CFA2C</string>
				<string>9BD5B9D919E001DE002CFA2C</string>
				<string>9BD5B9DA19E001DE002CFA2C</string>
				<string>9BD5B9DB19E001DE002CFA2C</string>
				<string>9BD5B9DC19E001DE002CFA2C</string>
				<string>9BD5B9DD19E001DE002CFA2C</string>
				<string>9BD5B9DE19E001DE002CFA2C</string>
				<string>9BD5B9DF19E001DE002CFA2C</string>
				<string>9BD5B9E019E001DE002CFA2C</string>
				<string>9BD5B9E119E001DE002CFA2C</string>
				<string>9BD5B9E219E001DE002CFA2C</string>
				<string>9BD5B9E319E001DE002CFA2C</string>
				<string>9BD5B9E419E001DE002CFA2C</string>
				<string>9BD5B9E519E001DE002CFA2C</string>
				<string>9BD5B9E619E001DE002CFA2C</string>
				<string>9BD5B9E719E001DE002CFA2C</string>
			</array>
			<key>isa</key>
			<string>PBXGroup</string>
			<key>path</key>
			<string>ios</string>
			<key>sourceTree</key>
			<string>&lt;group&gt;</string>
		</dict>
		<key>9BD5B9C119E001DE002CFA2C</key>
		<dict>
			<key>fileEncoding</key>
			<string>4</string>
			<key>isa</key>
			<string>PBXFileReference</string>
			<key>lastKnownFileType</key>
			<string>sourcecode.c.h</string>
			<key>path</key>
			<string>FlatUIKit.h</string>
			<key>sourceTree</key>
			<string>&lt;group&gt;</string>
		</dict>
		<key>9BD5B9C219E001DE002CFA2C</key>
		<dict>
			<key>fileEncoding</key>
			<string>4</string>
			<key>isa</key>
			<string>PBXFileReference</string>
			<key>lastKnownFileType</key>
			<string>sourcecode.c.h</string>
			<key>path</key>
			<string>FUIAlertView.h</string>
			<key>sourceTree</key>
			<string>&lt;group&gt;</string>
		</dict>
		<key>9BD5B9C319E001DE002CFA2C</key>
		<dict>
			<key>fileEncoding</key>
			<string>4</string>
			<key>isa</key>
			<string>PBXFileReference</string>
			<key>lastKnownFileType</key>
			<string>sourcecode.c.objc</string>
			<key>path</key>
			<string>FUIAlertView.m</string>
			<key>sourceTree</key>
			<string>&lt;group&gt;</string>
		</dict>
		<key>9BD5B9C419E001DE002CFA2C</key>
		<dict>
			<key>fileEncoding</key>
			<string>4</string>
			<key>isa</key>
			<string>PBXFileReference</string>
			<key>lastKnownFileType</key>
			<string>sourcecode.c.h</string>
			<key>path</key>
			<string>FUIButton.h</string>
			<key>sourceTree</key>
			<string>&lt;group&gt;</string>
		</dict>
		<key>9BD5B9C519E001DE002CFA2C</key>
		<dict>
			<key>fileEncoding</key>
			<string>4</string>
			<key>isa</key>
			<string>PBXFileReference</string>
			<key>lastKnownFileType</key>
			<string>sourcecode.c.objc</string>
			<key>path</key>
			<string>FUIButton.m</string>
			<key>sourceTree</key>
			<string>&lt;group&gt;</string>
		</dict>
		<key>9BD5B9C619E001DE002CFA2C</key>
		<dict>
			<key>fileEncoding</key>
			<string>4</string>
			<key>isa</key>
			<string>PBXFileReference</string>
			<key>lastKnownFileType</key>
			<string>sourcecode.c.h</string>
			<key>path</key>
			<string>FUICellBackgroundView.h</string>
			<key>sourceTree</key>
			<string>&lt;group&gt;</string>
		</dict>
		<key>9BD5B9C719E001DE002CFA2C</key>
		<dict>
			<key>fileEncoding</key>
			<string>4</string>
			<key>isa</key>
			<string>PBXFileReference</string>
			<key>lastKnownFileType</key>
			<string>sourcecode.c.objc</string>
			<key>path</key>
			<string>FUICellBackgroundView.m</string>
			<key>sourceTree</key>
			<string>&lt;group&gt;</string>
		</dict>
		<key>9BD5B9C819E001DE002CFA2C</key>
		<dict>
			<key>fileEncoding</key>
			<string>4</string>
			<key>isa</key>
			<string>PBXFileReference</string>
			<key>lastKnownFileType</key>
			<string>sourcecode.c.h</string>
			<key>path</key>
			<string>FUIPopoverBackgroundView.h</string>
			<key>sourceTree</key>
			<string>&lt;group&gt;</string>
		</dict>
		<key>9BD5B9C919E001DE002CFA2C</key>
		<dict>
			<key>fileEncoding</key>
			<string>4</string>
			<key>isa</key>
			<string>PBXFileReference</string>
			<key>lastKnownFileType</key>
			<string>sourcecode.c.objc</string>
			<key>path</key>
			<string>FUIPopoverBackgroundView.m</string>
			<key>sourceTree</key>
			<string>&lt;group&gt;</string>
		</dict>
		<key>9BD5B9CA19E001DE002CFA2C</key>
		<dict>
			<key>fileEncoding</key>
			<string>4</string>
			<key>isa</key>
			<string>PBXFileReference</string>
			<key>lastKnownFileType</key>
			<string>sourcecode.c.h</string>
			<key>path</key>
			<string>FUISegmentedControl.h</string>
			<key>sourceTree</key>
			<string>&lt;group&gt;</string>
		</dict>
		<key>9BD5B9CB19E001DE002CFA2C</key>
		<dict>
			<key>fileEncoding</key>
			<string>4</string>
			<key>isa</key>
			<string>PBXFileReference</string>
			<key>lastKnownFileType</key>
			<string>sourcecode.c.objc</string>
			<key>path</key>
			<string>FUISegmentedControl.m</string>
			<key>sourceTree</key>
			<string>&lt;group&gt;</string>
		</dict>
		<key>9BD5B9CC19E001DE002CFA2C</key>
		<dict>
			<key>fileEncoding</key>
			<string>4</string>
			<key>isa</key>
			<string>PBXFileReference</string>
			<key>lastKnownFileType</key>
			<string>sourcecode.c.h</string>
			<key>path</key>
			<string>FUISwitch.h</string>
			<key>sourceTree</key>
			<string>&lt;group&gt;</string>
		</dict>
		<key>9BD5B9CD19E001DE002CFA2C</key>
		<dict>
			<key>fileEncoding</key>
			<string>4</string>
			<key>isa</key>
			<string>PBXFileReference</string>
			<key>lastKnownFileType</key>
			<string>sourcecode.c.objc</string>
			<key>path</key>
			<string>FUISwitch.m</string>
			<key>sourceTree</key>
			<string>&lt;group&gt;</string>
		</dict>
		<key>9BD5B9CE19E001DE002CFA2C</key>
		<dict>
			<key>fileEncoding</key>
			<string>4</string>
			<key>isa</key>
			<string>PBXFileReference</string>
			<key>lastKnownFileType</key>
			<string>sourcecode.c.h</string>
			<key>path</key>
			<string>FUITextField.h</string>
			<key>sourceTree</key>
			<string>&lt;group&gt;</string>
		</dict>
		<key>9BD5B9CF19E001DE002CFA2C</key>
		<dict>
			<key>fileEncoding</key>
			<string>4</string>
			<key>isa</key>
			<string>PBXFileReference</string>
			<key>lastKnownFileType</key>
			<string>sourcecode.c.objc</string>
			<key>path</key>
			<string>FUITextField.m</string>
			<key>sourceTree</key>
			<string>&lt;group&gt;</string>
		</dict>
		<key>9BD5B9D019E001DE002CFA2C</key>
		<dict>
			<key>fileEncoding</key>
			<string>4</string>
			<key>isa</key>
			<string>PBXFileReference</string>
			<key>lastKnownFileType</key>
			<string>sourcecode.c.h</string>
			<key>path</key>
			<string>UIBarButtonItem+FlatUI.h</string>
			<key>sourceTree</key>
			<string>&lt;group&gt;</string>
		</dict>
		<key>9BD5B9D119E001DE002CFA2C</key>
		<dict>
			<key>fileEncoding</key>
			<string>4</string>
			<key>isa</key>
			<string>PBXFileReference</string>
			<key>lastKnownFileType</key>
			<string>sourcecode.c.objc</string>
			<key>path</key>
			<string>UIBarButtonItem+FlatUI.m</string>
			<key>sourceTree</key>
			<string>&lt;group&gt;</string>
		</dict>
		<key>9BD5B9D219E001DE002CFA2C</key>
		<dict>
			<key>fileEncoding</key>
			<string>4</string>
			<key>isa</key>
			<string>PBXFileReference</string>
			<key>lastKnownFileType</key>
			<string>sourcecode.c.h</string>
			<key>path</key>
			<string>UIColor+FlatUI.h</string>
			<key>sourceTree</key>
			<string>&lt;group&gt;</string>
		</dict>
		<key>9BD5B9D319E001DE002CFA2C</key>
		<dict>
			<key>fileEncoding</key>
			<string>4</string>
			<key>isa</key>
			<string>PBXFileReference</string>
			<key>lastKnownFileType</key>
			<string>sourcecode.c.objc</string>
			<key>path</key>
			<string>UIColor+FlatUI.m</string>
			<key>sourceTree</key>
			<string>&lt;group&gt;</string>
		</dict>
		<key>9BD5B9D419E001DE002CFA2C</key>
		<dict>
			<key>fileEncoding</key>
			<string>4</string>
			<key>isa</key>
			<string>PBXFileReference</string>
			<key>lastKnownFileType</key>
			<string>sourcecode.c.h</string>
			<key>path</key>
			<string>UIFont+FlatUI.h</string>
			<key>sourceTree</key>
			<string>&lt;group&gt;</string>
		</dict>
		<key>9BD5B9D519E001DE002CFA2C</key>
		<dict>
			<key>fileEncoding</key>
			<string>4</string>
			<key>isa</key>
			<string>PBXFileReference</string>
			<key>lastKnownFileType</key>
			<string>sourcecode.c.objc</string>
			<key>path</key>
			<string>UIFont+FlatUI.m</string>
			<key>sourceTree</key>
			<string>&lt;group&gt;</string>
		</dict>
		<key>9BD5B9D619E001DE002CFA2C</key>
		<dict>
			<key>fileEncoding</key>
			<string>4</string>
			<key>isa</key>
			<string>PBXFileReference</string>
			<key>lastKnownFileType</key>
			<string>sourcecode.c.h</string>
			<key>path</key>
			<string>UIImage+FlatUI.h</string>
			<key>sourceTree</key>
			<string>&lt;group&gt;</string>
		</dict>
		<key>9BD5B9D719E001DE002CFA2C</key>
		<dict>
			<key>fileEncoding</key>
			<string>4</string>
			<key>isa</key>
			<string>PBXFileReference</string>
			<key>lastKnownFileType</key>
			<string>sourcecode.c.objc</string>
			<key>path</key>
			<string>UIImage+FlatUI.m</string>
			<key>sourceTree</key>
			<string>&lt;group&gt;</string>
		</dict>
		<key>9BD5B9D819E001DE002CFA2C</key>
		<dict>
			<key>fileEncoding</key>
			<string>4</string>
			<key>isa</key>
			<string>PBXFileReference</string>
			<key>lastKnownFileType</key>
			<string>sourcecode.c.h</string>
			<key>path</key>
			<string>UINavigationBar+FlatUI.h</string>
			<key>sourceTree</key>
			<string>&lt;group&gt;</string>
		</dict>
		<key>9BD5B9D919E001DE002CFA2C</key>
		<dict>
			<key>fileEncoding</key>
			<string>4</string>
			<key>isa</key>
			<string>PBXFileReference</string>
			<key>lastKnownFileType</key>
			<string>sourcecode.c.objc</string>
			<key>path</key>
			<string>UINavigationBar+FlatUI.m</string>
			<key>sourceTree</key>
			<string>&lt;group&gt;</string>
		</dict>
		<key>9BD5B9DA19E001DE002CFA2C</key>
		<dict>
			<key>fileEncoding</key>
			<string>4</string>
			<key>isa</key>
			<string>PBXFileReference</string>
			<key>lastKnownFileType</key>
			<string>sourcecode.c.h</string>
			<key>path</key>
			<string>UIPopoverController+FlatUI.h</string>
			<key>sourceTree</key>
			<string>&lt;group&gt;</string>
		</dict>
		<key>9BD5B9DB19E001DE002CFA2C</key>
		<dict>
			<key>fileEncoding</key>
			<string>4</string>
			<key>isa</key>
			<string>PBXFileReference</string>
			<key>lastKnownFileType</key>
			<string>sourcecode.c.objc</string>
			<key>path</key>
			<string>UIPopoverController+FlatUI.m</string>
			<key>sourceTree</key>
			<string>&lt;group&gt;</string>
		</dict>
		<key>9BD5B9DC19E001DE002CFA2C</key>
		<dict>
			<key>fileEncoding</key>
			<string>4</string>
			<key>isa</key>
			<string>PBXFileReference</string>
			<key>lastKnownFileType</key>
			<string>sourcecode.c.h</string>
			<key>path</key>
			<string>UIProgressView+FlatUI.h</string>
			<key>sourceTree</key>
			<string>&lt;group&gt;</string>
		</dict>
		<key>9BD5B9DD19E001DE002CFA2C</key>
		<dict>
			<key>fileEncoding</key>
			<string>4</string>
			<key>isa</key>
			<string>PBXFileReference</string>
			<key>lastKnownFileType</key>
			<string>sourcecode.c.objc</string>
			<key>path</key>
			<string>UIProgressView+FlatUI.m</string>
			<key>sourceTree</key>
			<string>&lt;group&gt;</string>
		</dict>
		<key>9BD5B9DE19E001DE002CFA2C</key>
		<dict>
			<key>fileEncoding</key>
			<string>4</string>
			<key>isa</key>
			<string>PBXFileReference</string>
			<key>lastKnownFileType</key>
			<string>sourcecode.c.h</string>
			<key>path</key>
			<string>UISlider+FlatUI.h</string>
			<key>sourceTree</key>
			<string>&lt;group&gt;</string>
		</dict>
		<key>9BD5B9DF19E001DE002CFA2C</key>
		<dict>
			<key>fileEncoding</key>
			<string>4</string>
			<key>isa</key>
			<string>PBXFileReference</string>
			<key>lastKnownFileType</key>
			<string>sourcecode.c.objc</string>
			<key>path</key>
			<string>UISlider+FlatUI.m</string>
			<key>sourceTree</key>
			<string>&lt;group&gt;</string>
		</dict>
		<key>9BD5B9E019E001DE002CFA2C</key>
		<dict>
			<key>fileEncoding</key>
			<string>4</string>
			<key>isa</key>
			<string>PBXFileReference</string>
			<key>lastKnownFileType</key>
			<string>sourcecode.c.h</string>
			<key>path</key>
			<string>UIStepper+FlatUI.h</string>
			<key>sourceTree</key>
			<string>&lt;group&gt;</string>
		</dict>
		<key>9BD5B9E119E001DE002CFA2C</key>
		<dict>
			<key>fileEncoding</key>
			<string>4</string>
			<key>isa</key>
			<string>PBXFileReference</string>
			<key>lastKnownFileType</key>
			<string>sourcecode.c.objc</string>
			<key>path</key>
			<string>UIStepper+FlatUI.m</string>
			<key>sourceTree</key>
			<string>&lt;group&gt;</string>
		</dict>
		<key>9BD5B9E219E001DE002CFA2C</key>
		<dict>
			<key>fileEncoding</key>
			<string>4</string>
			<key>isa</key>
			<string>PBXFileReference</string>
			<key>lastKnownFileType</key>
			<string>sourcecode.c.h</string>
			<key>path</key>
			<string>UITabBar+FlatUI.h</string>
			<key>sourceTree</key>
			<string>&lt;group&gt;</string>
		</dict>
		<key>9BD5B9E319E001DE002CFA2C</key>
		<dict>
			<key>fileEncoding</key>
			<string>4</string>
			<key>isa</key>
			<string>PBXFileReference</string>
			<key>lastKnownFileType</key>
			<string>sourcecode.c.objc</string>
			<key>path</key>
			<string>UITabBar+FlatUI.m</string>
			<key>sourceTree</key>
			<string>&lt;group&gt;</string>
		</dict>
		<key>9BD5B9E419E001DE002CFA2C</key>
		<dict>
			<key>fileEncoding</key>
			<string>4</string>
			<key>isa</key>
			<string>PBXFileReference</string>
			<key>lastKnownFileType</key>
			<string>sourcecode.c.h</string>
			<key>path</key>
			<string>UITableViewCell+FlatUI.h</string>
			<key>sourceTree</key>
			<string>&lt;group&gt;</string>
		</dict>
		<key>9BD5B9E519E001DE002CFA2C</key>
		<dict>
			<key>fileEncoding</key>
			<string>4</string>
			<key>isa</key>
			<string>PBXFileReference</string>
			<key>lastKnownFileType</key>
			<string>sourcecode.c.objc</string>
			<key>path</key>
			<string>UITableViewCell+FlatUI.m</string>
			<key>sourceTree</key>
			<string>&lt;group&gt;</string>
		</dict>
		<key>9BD5B9E619E001DE002CFA2C</key>
		<dict>
			<key>fileEncoding</key>
			<string>4</string>
			<key>isa</key>
			<string>PBXFileReference</string>
			<key>lastKnownFileType</key>
			<string>sourcecode.c.h</string>
			<key>path</key>
			<string>UIToolbar+FlatUI.h</string>
			<key>sourceTree</key>
			<string>&lt;group&gt;</string>
		</dict>
		<key>9BD5B9E719E001DE002CFA2C</key>
		<dict>
			<key>fileEncoding</key>
			<string>4</string>
			<key>isa</key>
			<string>PBXFileReference</string>
			<key>lastKnownFileType</key>
			<string>sourcecode.c.objc</string>
			<key>path</key>
			<string>UIToolbar+FlatUI.m</string>
			<key>sourceTree</key>
			<string>&lt;group&gt;</string>
		</dict>
		<key>9BD5B9E819E001DE002CFA2C</key>
		<dict>
			<key>fileRef</key>
			<string>9BD5B9C319E001DE002CFA2C</string>
			<key>isa</key>
			<string>PBXBuildFile</string>
		</dict>
		<key>9BD5B9E919E001DE002CFA2C</key>
		<dict>
			<key>fileRef</key>
			<string>9BD5B9C519E001DE002CFA2C</string>
			<key>isa</key>
			<string>PBXBuildFile</string>
		</dict>
		<key>9BD5B9EA19E001DE002CFA2C</key>
		<dict>
			<key>fileRef</key>
			<string>9BD5B9C719E001DE002CFA2C</string>
			<key>isa</key>
			<string>PBXBuildFile</string>
		</dict>
		<key>9BD5B9EB19E001DE002CFA2C</key>
		<dict>
			<key>fileRef</key>
			<string>9BD5B9C919E001DE002CFA2C</string>
			<key>isa</key>
			<string>PBXBuildFile</string>
		</dict>
		<key>9BD5B9EC19E001DE002CFA2C</key>
		<dict>
			<key>fileRef</key>
			<string>9BD5B9CB19E001DE002CFA2C</string>
			<key>isa</key>
			<string>PBXBuildFile</string>
		</dict>
		<key>9BD5B9ED19E001DE002CFA2C</key>
		<dict>
			<key>fileRef</key>
			<string>9BD5B9CD19E001DE002CFA2C</string>
			<key>isa</key>
			<string>PBXBuildFile</string>
		</dict>
		<key>9BD5B9EE19E001DE002CFA2C</key>
		<dict>
			<key>fileRef</key>
			<string>9BD5B9CF19E001DE002CFA2C</string>
			<key>isa</key>
			<string>PBXBuildFile</string>
		</dict>
		<key>9BD5B9EF19E001DE002CFA2C</key>
		<dict>
			<key>fileRef</key>
			<string>9BD5B9D119E001DE002CFA2C</string>
			<key>isa</key>
			<string>PBXBuildFile</string>
		</dict>
		<key>9BD5B9F019E001DE002CFA2C</key>
		<dict>
			<key>fileRef</key>
			<string>9BD5B9D319E001DE002CFA2C</string>
			<key>isa</key>
			<string>PBXBuildFile</string>
		</dict>
		<key>9BD5B9F119E001DE002CFA2C</key>
		<dict>
			<key>fileRef</key>
			<string>9BD5B9D519E001DE002CFA2C</string>
			<key>isa</key>
			<string>PBXBuildFile</string>
		</dict>
		<key>9BD5B9F219E001DE002CFA2C</key>
		<dict>
			<key>fileRef</key>
			<string>9BD5B9D719E001DE002CFA2C</string>
			<key>isa</key>
			<string>PBXBuildFile</string>
		</dict>
		<key>9BD5B9F319E001DE002CFA2C</key>
		<dict>
			<key>fileRef</key>
			<string>9BD5B9D919E001DE002CFA2C</string>
			<key>isa</key>
			<string>PBXBuildFile</string>
		</dict>
		<key>9BD5B9F419E001DE002CFA2C</key>
		<dict>
			<key>fileRef</key>
			<string>9BD5B9DB19E001DE002CFA2C</string>
			<key>isa</key>
			<string>PBXBuildFile</string>
		</dict>
		<key>9BD5B9F519E001DE002CFA2C</key>
		<dict>
			<key>fileRef</key>
			<string>9BD5B9DD19E001DE002CFA2C</string>
			<key>isa</key>
			<string>PBXBuildFile</string>
		</dict>
		<key>9BD5B9F619E001DE002CFA2C</key>
		<dict>
			<key>fileRef</key>
			<string>9BD5B9DF19E001DE002CFA2C</string>
			<key>isa</key>
			<string>PBXBuildFile</string>
		</dict>
		<key>9BD5B9F719E001DE002CFA2C</key>
		<dict>
			<key>fileRef</key>
			<string>9BD5B9E119E001DE002CFA2C</string>
			<key>isa</key>
			<string>PBXBuildFile</string>
		</dict>
		<key>9BD5B9F819E001DE002CFA2C</key>
		<dict>
			<key>fileRef</key>
			<string>9BD5B9E319E001DE002CFA2C</string>
			<key>isa</key>
			<string>PBXBuildFile</string>
		</dict>
		<key>9BD5B9F919E001DE002CFA2C</key>
		<dict>
			<key>fileRef</key>
			<string>9BD5B9E519E001DE002CFA2C</string>
			<key>isa</key>
			<string>PBXBuildFile</string>
		</dict>
		<key>9BD5B9FA19E001DE002CFA2C</key>
		<dict>
			<key>fileRef</key>
			<string>9BD5B9E719E001DE002CFA2C</string>
			<key>isa</key>
			<string>PBXBuildFile</string>
		</dict>
		<key>C8118F67F8D84934860AB42E</key>
		<dict>
			<key>explicitFileType</key>
			<string>archive.ar</string>
			<key>includeInIndex</key>
			<string>0</string>
			<key>isa</key>
			<string>PBXFileReference</string>
			<key>path</key>
			<string>libPods-Justap.a</string>
			<key>sourceTree</key>
			<string>BUILT_PRODUCTS_DIR</string>
		</dict>
		<key>F1E509B0C2234228A28FBB85</key>
		<dict>
			<key>children</key>
			<array>
				<string>C8118F67F8D84934860AB42E</string>
			</array>
			<key>isa</key>
			<string>PBXGroup</string>
			<key>name</key>
			<string>Frameworks</string>
			<key>sourceTree</key>
			<string>&lt;group&gt;</string>
		</dict>
		<key>F7EDC270D34F4E3AAA50E22E</key>
		<dict>
			<key>buildActionMask</key>
			<string>2147483647</string>
			<key>files</key>
			<array/>
			<key>inputPaths</key>
			<array/>
			<key>isa</key>
			<string>PBXShellScriptBuildPhase</string>
			<key>name</key>
			<string>Check Pods Manifest.lock</string>
			<key>outputPaths</key>
			<array/>
			<key>runOnlyForDeploymentPostprocessing</key>
			<string>0</string>
			<key>shellPath</key>
			<string>/bin/sh</string>
			<key>shellScript</key>
			<string>diff "${PODS_ROOT}/../Podfile.lock" "${PODS_ROOT}/Manifest.lock" &gt; /dev/null
if [[ $? != 0 ]] ; then
    cat &lt;&lt; EOM
error: The sandbox is not in sync with the Podfile.lock. Run 'pod install' or update your CocoaPods installation.
EOM
    exit 1
fi
</string>
			<key>showEnvVarsInLog</key>
			<string>0</string>
		</dict>
	</dict>
	<key>rootObject</key>
	<string>9B44AD8B19DFF538001CFDAE</string>
</dict>
</plist>
